// !$*UTF8*$!
{
	archiveVersion = 1;
	classes = {
	};
	objectVersion = 46;
	objects = {

/* Begin PBXBuildFile section */
		63007C5B1C62324B000F8922 /* SplashScreen.swift in Sources */ = {isa = PBXBuildFile; fileRef = 63007C5A1C62324B000F8922 /* SplashScreen.swift */; };
		63007C821C6232EC000F8922 /* Splashscreen000.png in Resources */ = {isa = PBXBuildFile; fileRef = 63007C5D1C6232EC000F8922 /* Splashscreen000.png */; };
		63007C831C6232EC000F8922 /* Splashscreen001.png in Resources */ = {isa = PBXBuildFile; fileRef = 63007C5E1C6232EC000F8922 /* Splashscreen001.png */; };
		63007C841C6232EC000F8922 /* Splashscreen002.png in Resources */ = {isa = PBXBuildFile; fileRef = 63007C5F1C6232EC000F8922 /* Splashscreen002.png */; };
		63007C851C6232EC000F8922 /* Splashscreen003.png in Resources */ = {isa = PBXBuildFile; fileRef = 63007C601C6232EC000F8922 /* Splashscreen003.png */; };
		63007C861C6232EC000F8922 /* Splashscreen004.png in Resources */ = {isa = PBXBuildFile; fileRef = 63007C611C6232EC000F8922 /* Splashscreen004.png */; };
		63007C871C6232EC000F8922 /* Splashscreen005.png in Resources */ = {isa = PBXBuildFile; fileRef = 63007C621C6232EC000F8922 /* Splashscreen005.png */; };
		63007C881C6232EC000F8922 /* Splashscreen006.png in Resources */ = {isa = PBXBuildFile; fileRef = 63007C631C6232EC000F8922 /* Splashscreen006.png */; };
		63007C891C6232EC000F8922 /* Splashscreen007.png in Resources */ = {isa = PBXBuildFile; fileRef = 63007C641C6232EC000F8922 /* Splashscreen007.png */; };
		63007C8A1C6232EC000F8922 /* Splashscreen008.png in Resources */ = {isa = PBXBuildFile; fileRef = 63007C651C6232EC000F8922 /* Splashscreen008.png */; };
		63007C8B1C6232EC000F8922 /* Splashscreen009.png in Resources */ = {isa = PBXBuildFile; fileRef = 63007C661C6232EC000F8922 /* Splashscreen009.png */; };
		63007C8C1C6232EC000F8922 /* Splashscreen010.png in Resources */ = {isa = PBXBuildFile; fileRef = 63007C671C6232EC000F8922 /* Splashscreen010.png */; };
		63007C8D1C6232EC000F8922 /* Splashscreen011.png in Resources */ = {isa = PBXBuildFile; fileRef = 63007C681C6232EC000F8922 /* Splashscreen011.png */; };
		63007C8E1C6232EC000F8922 /* Splashscreen012.png in Resources */ = {isa = PBXBuildFile; fileRef = 63007C691C6232EC000F8922 /* Splashscreen012.png */; };
		63007C8F1C6232EC000F8922 /* Splashscreen013.png in Resources */ = {isa = PBXBuildFile; fileRef = 63007C6A1C6232EC000F8922 /* Splashscreen013.png */; };
		63007C901C6232EC000F8922 /* Splashscreen014.png in Resources */ = {isa = PBXBuildFile; fileRef = 63007C6B1C6232EC000F8922 /* Splashscreen014.png */; };
		63007C911C6232EC000F8922 /* Splashscreen015.png in Resources */ = {isa = PBXBuildFile; fileRef = 63007C6C1C6232EC000F8922 /* Splashscreen015.png */; };
		63007C921C6232EC000F8922 /* Splashscreen016.png in Resources */ = {isa = PBXBuildFile; fileRef = 63007C6D1C6232EC000F8922 /* Splashscreen016.png */; };
		63007C931C6232EC000F8922 /* Splashscreen017.png in Resources */ = {isa = PBXBuildFile; fileRef = 63007C6E1C6232EC000F8922 /* Splashscreen017.png */; };
		63007C941C6232EC000F8922 /* Splashscreen018.png in Resources */ = {isa = PBXBuildFile; fileRef = 63007C6F1C6232EC000F8922 /* Splashscreen018.png */; };
		63007C951C6232EC000F8922 /* Splashscreen019.png in Resources */ = {isa = PBXBuildFile; fileRef = 63007C701C6232EC000F8922 /* Splashscreen019.png */; };
		63007C961C6232EC000F8922 /* Splashscreen020.png in Resources */ = {isa = PBXBuildFile; fileRef = 63007C711C6232EC000F8922 /* Splashscreen020.png */; };
		63007C971C6232EC000F8922 /* Splashscreen021.png in Resources */ = {isa = PBXBuildFile; fileRef = 63007C721C6232EC000F8922 /* Splashscreen021.png */; };
		63007C981C6232EC000F8922 /* Splashscreen022.png in Resources */ = {isa = PBXBuildFile; fileRef = 63007C731C6232EC000F8922 /* Splashscreen022.png */; };
		63007C991C6232EC000F8922 /* Splashscreen023.png in Resources */ = {isa = PBXBuildFile; fileRef = 63007C741C6232EC000F8922 /* Splashscreen023.png */; };
		63007C9A1C6232EC000F8922 /* Splashscreen024.png in Resources */ = {isa = PBXBuildFile; fileRef = 63007C751C6232EC000F8922 /* Splashscreen024.png */; };
		63007C9B1C6232EC000F8922 /* Splashscreen025.png in Resources */ = {isa = PBXBuildFile; fileRef = 63007C761C6232EC000F8922 /* Splashscreen025.png */; };
		63007C9C1C6232EC000F8922 /* Splashscreen026.png in Resources */ = {isa = PBXBuildFile; fileRef = 63007C771C6232EC000F8922 /* Splashscreen026.png */; };
		63007C9D1C6232EC000F8922 /* Splashscreen027.png in Resources */ = {isa = PBXBuildFile; fileRef = 63007C781C6232EC000F8922 /* Splashscreen027.png */; };
		63007C9E1C6232EC000F8922 /* Splashscreen028.png in Resources */ = {isa = PBXBuildFile; fileRef = 63007C791C6232EC000F8922 /* Splashscreen028.png */; };
		63007C9F1C6232EC000F8922 /* Splashscreen029.png in Resources */ = {isa = PBXBuildFile; fileRef = 63007C7A1C6232EC000F8922 /* Splashscreen029.png */; };
		63007CA01C6232EC000F8922 /* Splashscreen030.png in Resources */ = {isa = PBXBuildFile; fileRef = 63007C7B1C6232EC000F8922 /* Splashscreen030.png */; };
		63007CA11C6232EC000F8922 /* Splashscreen031.png in Resources */ = {isa = PBXBuildFile; fileRef = 63007C7C1C6232EC000F8922 /* Splashscreen031.png */; };
		63007CA21C6232EC000F8922 /* Splashscreen032.png in Resources */ = {isa = PBXBuildFile; fileRef = 63007C7D1C6232EC000F8922 /* Splashscreen032.png */; };
		63007CA31C6232EC000F8922 /* Splashscreen033.png in Resources */ = {isa = PBXBuildFile; fileRef = 63007C7E1C6232EC000F8922 /* Splashscreen033.png */; };
		63007CA41C6232EC000F8922 /* Splashscreen034.png in Resources */ = {isa = PBXBuildFile; fileRef = 63007C7F1C6232EC000F8922 /* Splashscreen034.png */; };
		63007CA51C6232EC000F8922 /* Splashscreen035.png in Resources */ = {isa = PBXBuildFile; fileRef = 63007C801C6232EC000F8922 /* Splashscreen035.png */; };
		63007CA61C6232EC000F8922 /* Splashscreen036.png in Resources */ = {isa = PBXBuildFile; fileRef = 63007C811C6232EC000F8922 /* Splashscreen036.png */; };
		63007D1F1C62B6EF000F8922 /* Loadingscreen_00001.png in Resources */ = {isa = PBXBuildFile; fileRef = 63007D081C62B6EF000F8922 /* Loadingscreen_00001.png */; };
		63007D201C62B6EF000F8922 /* Loadingscreen_00002.png in Resources */ = {isa = PBXBuildFile; fileRef = 63007D091C62B6EF000F8922 /* Loadingscreen_00002.png */; };
		63007D211C62B6EF000F8922 /* Loadingscreen_00003.png in Resources */ = {isa = PBXBuildFile; fileRef = 63007D0A1C62B6EF000F8922 /* Loadingscreen_00003.png */; };
		63007D221C62B6EF000F8922 /* Loadingscreen_00004.png in Resources */ = {isa = PBXBuildFile; fileRef = 63007D0B1C62B6EF000F8922 /* Loadingscreen_00004.png */; };
		63007D231C62B6EF000F8922 /* Loadingscreen_00005.png in Resources */ = {isa = PBXBuildFile; fileRef = 63007D0C1C62B6EF000F8922 /* Loadingscreen_00005.png */; };
		63007D241C62B6EF000F8922 /* Loadingscreen_00006.png in Resources */ = {isa = PBXBuildFile; fileRef = 63007D0D1C62B6EF000F8922 /* Loadingscreen_00006.png */; };
		63007D251C62B6EF000F8922 /* Loadingscreen_00007.png in Resources */ = {isa = PBXBuildFile; fileRef = 63007D0E1C62B6EF000F8922 /* Loadingscreen_00007.png */; };
		63007D261C62B6EF000F8922 /* Loadingscreen_00008.png in Resources */ = {isa = PBXBuildFile; fileRef = 63007D0F1C62B6EF000F8922 /* Loadingscreen_00008.png */; };
		63007D271C62B6EF000F8922 /* Loadingscreen_00009.png in Resources */ = {isa = PBXBuildFile; fileRef = 63007D101C62B6EF000F8922 /* Loadingscreen_00009.png */; };
		63007D281C62B6EF000F8922 /* Loadingscreen_00010.png in Resources */ = {isa = PBXBuildFile; fileRef = 63007D111C62B6EF000F8922 /* Loadingscreen_00010.png */; };
		63007D291C62B6EF000F8922 /* Loadingscreen_00011.png in Resources */ = {isa = PBXBuildFile; fileRef = 63007D121C62B6EF000F8922 /* Loadingscreen_00011.png */; };
		63007D2A1C62B6EF000F8922 /* Loadingscreen_00012.png in Resources */ = {isa = PBXBuildFile; fileRef = 63007D131C62B6EF000F8922 /* Loadingscreen_00012.png */; };
		63007D2B1C62B6EF000F8922 /* Loadingscreen_00013.png in Resources */ = {isa = PBXBuildFile; fileRef = 63007D141C62B6EF000F8922 /* Loadingscreen_00013.png */; };
		63007D2C1C62B6EF000F8922 /* Loadingscreen_00014.png in Resources */ = {isa = PBXBuildFile; fileRef = 63007D151C62B6EF000F8922 /* Loadingscreen_00014.png */; };
		63007D2D1C62B6EF000F8922 /* Loadingscreen_00015.png in Resources */ = {isa = PBXBuildFile; fileRef = 63007D161C62B6EF000F8922 /* Loadingscreen_00015.png */; };
		63007D2E1C62B6EF000F8922 /* Loadingscreen_00016.png in Resources */ = {isa = PBXBuildFile; fileRef = 63007D171C62B6EF000F8922 /* Loadingscreen_00016.png */; };
		63007D2F1C62B6EF000F8922 /* Loadingscreen_00017.png in Resources */ = {isa = PBXBuildFile; fileRef = 63007D181C62B6EF000F8922 /* Loadingscreen_00017.png */; };
		63007D301C62B6EF000F8922 /* Loadingscreen_00018.png in Resources */ = {isa = PBXBuildFile; fileRef = 63007D191C62B6EF000F8922 /* Loadingscreen_00018.png */; };
		63007D311C62B6EF000F8922 /* Loadingscreen_00019.png in Resources */ = {isa = PBXBuildFile; fileRef = 63007D1A1C62B6EF000F8922 /* Loadingscreen_00019.png */; };
		63007D321C62B6EF000F8922 /* Loadingscreen_00020.png in Resources */ = {isa = PBXBuildFile; fileRef = 63007D1B1C62B6EF000F8922 /* Loadingscreen_00020.png */; };
		63007D331C62B6EF000F8922 /* Loadingscreen_00021.png in Resources */ = {isa = PBXBuildFile; fileRef = 63007D1C1C62B6EF000F8922 /* Loadingscreen_00021.png */; };
		63007D341C62B6EF000F8922 /* Loadingscreen_00022.png in Resources */ = {isa = PBXBuildFile; fileRef = 63007D1D1C62B6EF000F8922 /* Loadingscreen_00022.png */; };
		63007D351C62B6EF000F8922 /* Loadingscreen_00023.png in Resources */ = {isa = PBXBuildFile; fileRef = 63007D1E1C62B6EF000F8922 /* Loadingscreen_00023.png */; };
		6309EE291C1723050060FBDE /* feeliologgamedslogan.png in Resources */ = {isa = PBXBuildFile; fileRef = 6309EE281C1723050060FBDE /* feeliologgamedslogan.png */; };
		6309EE2B1C1723D20060FBDE /* FirstViewController.swift in Sources */ = {isa = PBXBuildFile; fileRef = 6309EE2A1C1723D20060FBDE /* FirstViewController.swift */; };
		634A49501C34320A009BDB2A /* affectionatedbutton1.png in Resources */ = {isa = PBXBuildFile; fileRef = 634A49411C34320A009BDB2A /* affectionatedbutton1.png */; };
		634A49511C34320A009BDB2A /* affectionatedbutton1x2.png in Resources */ = {isa = PBXBuildFile; fileRef = 634A49421C34320A009BDB2A /* affectionatedbutton1x2.png */; };
		634A49521C34320A009BDB2A /* affectionatedbutton1x3.png in Resources */ = {isa = PBXBuildFile; fileRef = 634A49431C34320A009BDB2A /* affectionatedbutton1x3.png */; };
		634A49531C34320A009BDB2A /* catsbutton1.png in Resources */ = {isa = PBXBuildFile; fileRef = 634A49441C34320A009BDB2A /* catsbutton1.png */; };
		634A49541C34320A009BDB2A /* catsbutton1x2.png in Resources */ = {isa = PBXBuildFile; fileRef = 634A49451C34320A009BDB2A /* catsbutton1x2.png */; };
		634A49551C34320A009BDB2A /* catsbutton1x3.png in Resources */ = {isa = PBXBuildFile; fileRef = 634A49461C34320A009BDB2A /* catsbutton1x3.png */; };
		634A49561C34320A009BDB2A /* happybutton1.png in Resources */ = {isa = PBXBuildFile; fileRef = 634A49471C34320A009BDB2A /* happybutton1.png */; };
		634A49571C34320A009BDB2A /* happybutton1x2.png in Resources */ = {isa = PBXBuildFile; fileRef = 634A49481C34320A009BDB2A /* happybutton1x2.png */; };
		634A49581C34320A009BDB2A /* happybutton1x3.png in Resources */ = {isa = PBXBuildFile; fileRef = 634A49491C34320A009BDB2A /* happybutton1x3.png */; };
		634A49591C34320A009BDB2A /* pressurizedbutton1.png in Resources */ = {isa = PBXBuildFile; fileRef = 634A494A1C34320A009BDB2A /* pressurizedbutton1.png */; };
		634A495A1C34320A009BDB2A /* pressurizedbutton1x2.png in Resources */ = {isa = PBXBuildFile; fileRef = 634A494B1C34320A009BDB2A /* pressurizedbutton1x2.png */; };
		634A495B1C34320A009BDB2A /* pressurizedbutton1x3.png in Resources */ = {isa = PBXBuildFile; fileRef = 634A494C1C34320A009BDB2A /* pressurizedbutton1x3.png */; };
		634A495C1C34320A009BDB2A /* pumpedbutton1.png in Resources */ = {isa = PBXBuildFile; fileRef = 634A494D1C34320A009BDB2A /* pumpedbutton1.png */; };
		634A495D1C34320A009BDB2A /* pumpedbutton1x2.png in Resources */ = {isa = PBXBuildFile; fileRef = 634A494E1C34320A009BDB2A /* pumpedbutton1x2.png */; };
		634A495E1C34320A009BDB2A /* pumpedbutton1x3.png in Resources */ = {isa = PBXBuildFile; fileRef = 634A494F1C34320A009BDB2A /* pumpedbutton1x3.png */; };
		634A49681C3435B2009BDB2A /* catsbutton_stor.png in Resources */ = {isa = PBXBuildFile; fileRef = 634A49671C3435B2009BDB2A /* catsbutton_stor.png */; };
		634A496B1C34373E009BDB2A /* catsbutton_storx2.png in Resources */ = {isa = PBXBuildFile; fileRef = 634A49691C34373E009BDB2A /* catsbutton_storx2.png */; };
		634A496C1C34373E009BDB2A /* catsbutton_storx3.png in Resources */ = {isa = PBXBuildFile; fileRef = 634A496A1C34373E009BDB2A /* catsbutton_storx3.png */; };
		634A49721C344992009BDB2A /* valentinesbutton.png in Resources */ = {isa = PBXBuildFile; fileRef = 634A496E1C344992009BDB2A /* valentinesbutton.png */; };
		634A49731C344992009BDB2A /* valentinesbuttonx2.png in Resources */ = {isa = PBXBuildFile; fileRef = 634A496F1C344992009BDB2A /* valentinesbuttonx2.png */; };
		634A49741C344992009BDB2A /* valentinesbuttonx3.png in Resources */ = {isa = PBXBuildFile; fileRef = 634A49701C344992009BDB2A /* valentinesbuttonx3.png */; };
		634A49761C344A2D009BDB2A /* valentinesbutton_stor.png in Resources */ = {isa = PBXBuildFile; fileRef = 634A49751C344A2D009BDB2A /* valentinesbutton_stor.png */; };
		634A49791C344AF7009BDB2A /* valentinesbutton_storx2.png in Resources */ = {isa = PBXBuildFile; fileRef = 634A49771C344AF7009BDB2A /* valentinesbutton_storx2.png */; };
		634A497A1C344AF7009BDB2A /* valentinesbutton_storx3.png in Resources */ = {isa = PBXBuildFile; fileRef = 634A49781C344AF7009BDB2A /* valentinesbutton_storx3.png */; };
		63B6F9C81C22E2DB00EECFFF /* feeliologgavitmedslogan.png in Resources */ = {isa = PBXBuildFile; fileRef = 63B6F9C51C22E2DB00EECFFF /* feeliologgavitmedslogan.png */; };
		63B6F9C91C22E2DB00EECFFF /* feeliologgavitmedsloganx2.png in Resources */ = {isa = PBXBuildFile; fileRef = 63B6F9C61C22E2DB00EECFFF /* feeliologgavitmedsloganx2.png */; };
		63B6F9CA1C22E2DB00EECFFF /* feeliologgavitmedsloganx3.png in Resources */ = {isa = PBXBuildFile; fileRef = 63B6F9C71C22E2DB00EECFFF /* feeliologgavitmedsloganx3.png */; };
		63B6FA431C29644200EECFFF /* feeliologgavitUTANslogan.png in Resources */ = {isa = PBXBuildFile; fileRef = 63B6FA401C29644200EECFFF /* feeliologgavitUTANslogan.png */; };
		63B6FA441C29644200EECFFF /* feeliologgavitUTANsloganx2.png in Resources */ = {isa = PBXBuildFile; fileRef = 63B6FA411C29644200EECFFF /* feeliologgavitUTANsloganx2.png */; };
		63B6FA451C29644200EECFFF /* feeliologgavitUTANsloganx3.png in Resources */ = {isa = PBXBuildFile; fileRef = 63B6FA421C29644200EECFFF /* feeliologgavitUTANsloganx3.png */; };
		63BC1ADD1C19BD8300A3F8B4 /* backbutton.png in Resources */ = {isa = PBXBuildFile; fileRef = 63BC1AD91C19BD8300A3F8B4 /* backbutton.png */; };
		63BC1ADE1C19BD8300A3F8B4 /* likebutton_liked.png in Resources */ = {isa = PBXBuildFile; fileRef = 63BC1ADA1C19BD8300A3F8B4 /* likebutton_liked.png */; };
		63BC1ADF1C19BD8300A3F8B4 /* likebutton_notliked.png in Resources */ = {isa = PBXBuildFile; fileRef = 63BC1ADB1C19BD8300A3F8B4 /* likebutton_notliked.png */; };
		63BC1AE01C19BD8300A3F8B4 /* sharebutton.png in Resources */ = {isa = PBXBuildFile; fileRef = 63BC1ADC1C19BD8300A3F8B4 /* sharebutton.png */; };
		63BD041D1C218F06001C9970 /* Launch Screen.storyboard in Resources */ = {isa = PBXBuildFile; fileRef = 63BD041C1C218F06001C9970 /* Launch Screen.storyboard */; };
		63E9749F1C5A471D000B1A28 /* backbutton_dotted.png in Resources */ = {isa = PBXBuildFile; fileRef = 63E9749C1C5A471D000B1A28 /* backbutton_dotted.png */; };
		63E974A01C5A471D000B1A28 /* backbutton_dottedx2.png in Resources */ = {isa = PBXBuildFile; fileRef = 63E9749D1C5A471D000B1A28 /* backbutton_dottedx2.png */; };
		63E974A11C5A471D000B1A28 /* backbutton_dottedx3.png in Resources */ = {isa = PBXBuildFile; fileRef = 63E9749E1C5A471D000B1A28 /* backbutton_dottedx3.png */; };
		63E974AB1C5A5148000B1A28 /* dislikebutton_dotted.png in Resources */ = {isa = PBXBuildFile; fileRef = 63E974A21C5A5148000B1A28 /* dislikebutton_dotted.png */; };
		63E974AC1C5A5148000B1A28 /* dislikebutton_dottedx2.png in Resources */ = {isa = PBXBuildFile; fileRef = 63E974A31C5A5148000B1A28 /* dislikebutton_dottedx2.png */; };
		63E974AD1C5A5148000B1A28 /* dislikebutton_dottedx3.png in Resources */ = {isa = PBXBuildFile; fileRef = 63E974A41C5A5148000B1A28 /* dislikebutton_dottedx3.png */; };
		63E974AE1C5A5148000B1A28 /* likebutton_dotted.png in Resources */ = {isa = PBXBuildFile; fileRef = 63E974A51C5A5148000B1A28 /* likebutton_dotted.png */; };
		63E974AF1C5A5148000B1A28 /* likebutton_dottedx2.png in Resources */ = {isa = PBXBuildFile; fileRef = 63E974A61C5A5148000B1A28 /* likebutton_dottedx2.png */; };
		63E974B01C5A5148000B1A28 /* likebutton_dottedx3.png in Resources */ = {isa = PBXBuildFile; fileRef = 63E974A71C5A5148000B1A28 /* likebutton_dottedx3.png */; };
		63E974B11C5A5148000B1A28 /* sharebutton_dotted.png in Resources */ = {isa = PBXBuildFile; fileRef = 63E974A81C5A5148000B1A28 /* sharebutton_dotted.png */; };
		63E974B21C5A5148000B1A28 /* sharebutton_dottedx2.png in Resources */ = {isa = PBXBuildFile; fileRef = 63E974A91C5A5148000B1A28 /* sharebutton_dottedx2.png */; };
		63E974B31C5A5148000B1A28 /* sharebutton_dottedx3.png in Resources */ = {isa = PBXBuildFile; fileRef = 63E974AA1C5A5148000B1A28 /* sharebutton_dottedx3.png */; };
		63E974B51C5A551E000B1A28 /* PoweredBy_200px-White_HorizText.png in Resources */ = {isa = PBXBuildFile; fileRef = 63E974B41C5A551E000B1A28 /* PoweredBy_200px-White_HorizText.png */; };
		63E974FB1C5A6E5F000B1A28 /* swipe009.png in Resources */ = {isa = PBXBuildFile; fileRef = 63E974D21C5A6E5F000B1A28 /* swipe009.png */; };
		63E974FC1C5A6E5F000B1A28 /* swipe010.png in Resources */ = {isa = PBXBuildFile; fileRef = 63E974D31C5A6E5F000B1A28 /* swipe010.png */; };
		63E974FD1C5A6E5F000B1A28 /* swipe011.png in Resources */ = {isa = PBXBuildFile; fileRef = 63E974D41C5A6E5F000B1A28 /* swipe011.png */; };
		63E974FE1C5A6E5F000B1A28 /* swipe012.png in Resources */ = {isa = PBXBuildFile; fileRef = 63E974D51C5A6E5F000B1A28 /* swipe012.png */; };
		63E974FF1C5A6E5F000B1A28 /* swipe013.png in Resources */ = {isa = PBXBuildFile; fileRef = 63E974D61C5A6E5F000B1A28 /* swipe013.png */; };
		63E975001C5A6E5F000B1A28 /* swipe014.png in Resources */ = {isa = PBXBuildFile; fileRef = 63E974D71C5A6E5F000B1A28 /* swipe014.png */; };
		63E975011C5A6E5F000B1A28 /* swipe015.png in Resources */ = {isa = PBXBuildFile; fileRef = 63E974D81C5A6E5F000B1A28 /* swipe015.png */; };
		63E975021C5A6E5F000B1A28 /* swipe016.png in Resources */ = {isa = PBXBuildFile; fileRef = 63E974D91C5A6E5F000B1A28 /* swipe016.png */; };
		63E975031C5A6E5F000B1A28 /* swipe017.png in Resources */ = {isa = PBXBuildFile; fileRef = 63E974DA1C5A6E5F000B1A28 /* swipe017.png */; };
		63E975041C5A6E5F000B1A28 /* swipe018.png in Resources */ = {isa = PBXBuildFile; fileRef = 63E974DB1C5A6E5F000B1A28 /* swipe018.png */; };
		63E975051C5A6E5F000B1A28 /* swipe019.png in Resources */ = {isa = PBXBuildFile; fileRef = 63E974DC1C5A6E5F000B1A28 /* swipe019.png */; };
		63E975061C5A6E5F000B1A28 /* swipe020.png in Resources */ = {isa = PBXBuildFile; fileRef = 63E974DD1C5A6E5F000B1A28 /* swipe020.png */; };
		63E975071C5A6E5F000B1A28 /* swipe021.png in Resources */ = {isa = PBXBuildFile; fileRef = 63E974DE1C5A6E5F000B1A28 /* swipe021.png */; };
		63E975081C5A6E5F000B1A28 /* swipe022.png in Resources */ = {isa = PBXBuildFile; fileRef = 63E974DF1C5A6E5F000B1A28 /* swipe022.png */; };
		63E975091C5A6E5F000B1A28 /* swipe023.png in Resources */ = {isa = PBXBuildFile; fileRef = 63E974E01C5A6E5F000B1A28 /* swipe023.png */; };
		63E9750A1C5A6E5F000B1A28 /* swipe024.png in Resources */ = {isa = PBXBuildFile; fileRef = 63E974E11C5A6E5F000B1A28 /* swipe024.png */; };
		63E9750B1C5A6E5F000B1A28 /* swipe025.png in Resources */ = {isa = PBXBuildFile; fileRef = 63E974E21C5A6E5F000B1A28 /* swipe025.png */; };
		63E9750C1C5A6E5F000B1A28 /* swipe026.png in Resources */ = {isa = PBXBuildFile; fileRef = 63E974E31C5A6E5F000B1A28 /* swipe026.png */; };
		63E9750D1C5A6E5F000B1A28 /* swipe027.png in Resources */ = {isa = PBXBuildFile; fileRef = 63E974E41C5A6E5F000B1A28 /* swipe027.png */; };
		63E9750E1C5A6E5F000B1A28 /* swipe028.png in Resources */ = {isa = PBXBuildFile; fileRef = 63E974E51C5A6E5F000B1A28 /* swipe028.png */; };
		63E9750F1C5A6E5F000B1A28 /* swipe029.png in Resources */ = {isa = PBXBuildFile; fileRef = 63E974E61C5A6E5F000B1A28 /* swipe029.png */; };
		63E975101C5A6E5F000B1A28 /* swipe030.png in Resources */ = {isa = PBXBuildFile; fileRef = 63E974E71C5A6E5F000B1A28 /* swipe030.png */; };
		63E975111C5A6E5F000B1A28 /* swipe031.png in Resources */ = {isa = PBXBuildFile; fileRef = 63E974E81C5A6E5F000B1A28 /* swipe031.png */; };
		63E975121C5A6E5F000B1A28 /* swipe032.png in Resources */ = {isa = PBXBuildFile; fileRef = 63E974E91C5A6E5F000B1A28 /* swipe032.png */; };
		63E975131C5A6E5F000B1A28 /* swipe033.png in Resources */ = {isa = PBXBuildFile; fileRef = 63E974EA1C5A6E5F000B1A28 /* swipe033.png */; };
		63E975141C5A6E5F000B1A28 /* swipe034.png in Resources */ = {isa = PBXBuildFile; fileRef = 63E974EB1C5A6E5F000B1A28 /* swipe034.png */; };
		63E975151C5A6E5F000B1A28 /* swipe035.png in Resources */ = {isa = PBXBuildFile; fileRef = 63E974EC1C5A6E5F000B1A28 /* swipe035.png */; };
		63E975161C5A6E5F000B1A28 /* swipe036.png in Resources */ = {isa = PBXBuildFile; fileRef = 63E974ED1C5A6E5F000B1A28 /* swipe036.png */; };
		63E975171C5A6E5F000B1A28 /* swipe037.png in Resources */ = {isa = PBXBuildFile; fileRef = 63E974EE1C5A6E5F000B1A28 /* swipe037.png */; };
		63E975181C5A6E5F000B1A28 /* swipe038.png in Resources */ = {isa = PBXBuildFile; fileRef = 63E974EF1C5A6E5F000B1A28 /* swipe038.png */; };
		63E975191C5A6E5F000B1A28 /* swipe039.png in Resources */ = {isa = PBXBuildFile; fileRef = 63E974F01C5A6E5F000B1A28 /* swipe039.png */; };
		63E9751A1C5A6E5F000B1A28 /* swipe040.png in Resources */ = {isa = PBXBuildFile; fileRef = 63E974F11C5A6E5F000B1A28 /* swipe040.png */; };
		744099481C1716A700217E3D /* SwiftyJSON.swift in Sources */ = {isa = PBXBuildFile; fileRef = 744099451C1716A700217E3D /* SwiftyJSON.swift */; };
		744099491C1716A700217E3D /* UIImage+animatedGIF.m in Sources */ = {isa = PBXBuildFile; fileRef = 744099471C1716A700217E3D /* UIImage+animatedGIF.m */; };
		7440994C1C17170500217E3D /* Giphy.swift in Sources */ = {isa = PBXBuildFile; fileRef = 7440994B1C17170500217E3D /* Giphy.swift */; };
		814C3ACA1B69877600E307BB /* Main.storyboard in Resources */ = {isa = PBXBuildFile; fileRef = 814C3AC61B69877600E307BB /* Main.storyboard */; };
		814C3ACB1B69877600E307BB /* Images.xcassets in Resources */ = {isa = PBXBuildFile; fileRef = 814C3AC81B69877600E307BB /* Images.xcassets */; };
		81BA814B1A49DA1800E65899 /* AppDelegate.swift in Sources */ = {isa = PBXBuildFile; fileRef = 81BA814A1A49DA1800E65899 /* AppDelegate.swift */; };
		81BA814D1A49DA1800E65899 /* ViewController.swift in Sources */ = {isa = PBXBuildFile; fileRef = 81BA814C1A49DA1800E65899 /* ViewController.swift */; };
		81BA81701A49DB6800E65899 /* Bolts.framework in Frameworks */ = {isa = PBXBuildFile; fileRef = 81BA816B1A49DB6800E65899 /* Bolts.framework */; };
		81BA81711A49DB6800E65899 /* Parse.framework in Frameworks */ = {isa = PBXBuildFile; fileRef = 81BA816C1A49DB6800E65899 /* Parse.framework */; };
		81BA81771A49E0D500E65899 /* libsqlite3.dylib in Frameworks */ = {isa = PBXBuildFile; fileRef = 81BA81761A49E0D500E65899 /* libsqlite3.dylib */; };
		81BA81791A49E0DB00E65899 /* AudioToolbox.framework in Frameworks */ = {isa = PBXBuildFile; fileRef = 81BA81781A49E0DB00E65899 /* AudioToolbox.framework */; };
		81BA817B1A49E0E500E65899 /* SystemConfiguration.framework in Frameworks */ = {isa = PBXBuildFile; fileRef = 81BA817A1A49E0E500E65899 /* SystemConfiguration.framework */; };
		81BA817F1A49E0F000E65899 /* libstdc++.6.dylib in Frameworks */ = {isa = PBXBuildFile; fileRef = 81BA817E1A49E0F000E65899 /* libstdc++.6.dylib */; };
/* End PBXBuildFile section */

/* Begin PBXFileReference section */
		63007C5A1C62324B000F8922 /* SplashScreen.swift */ = {isa = PBXFileReference; fileEncoding = 4; lastKnownFileType = sourcecode.swift; path = SplashScreen.swift; sourceTree = "<group>"; };
		63007C5D1C6232EC000F8922 /* Splashscreen000.png */ = {isa = PBXFileReference; lastKnownFileType = image.png; path = Splashscreen000.png; sourceTree = "<group>"; };
		63007C5E1C6232EC000F8922 /* Splashscreen001.png */ = {isa = PBXFileReference; lastKnownFileType = image.png; path = Splashscreen001.png; sourceTree = "<group>"; };
		63007C5F1C6232EC000F8922 /* Splashscreen002.png */ = {isa = PBXFileReference; lastKnownFileType = image.png; path = Splashscreen002.png; sourceTree = "<group>"; };
		63007C601C6232EC000F8922 /* Splashscreen003.png */ = {isa = PBXFileReference; lastKnownFileType = image.png; path = Splashscreen003.png; sourceTree = "<group>"; };
		63007C611C6232EC000F8922 /* Splashscreen004.png */ = {isa = PBXFileReference; lastKnownFileType = image.png; path = Splashscreen004.png; sourceTree = "<group>"; };
		63007C621C6232EC000F8922 /* Splashscreen005.png */ = {isa = PBXFileReference; lastKnownFileType = image.png; path = Splashscreen005.png; sourceTree = "<group>"; };
		63007C631C6232EC000F8922 /* Splashscreen006.png */ = {isa = PBXFileReference; lastKnownFileType = image.png; path = Splashscreen006.png; sourceTree = "<group>"; };
		63007C641C6232EC000F8922 /* Splashscreen007.png */ = {isa = PBXFileReference; lastKnownFileType = image.png; path = Splashscreen007.png; sourceTree = "<group>"; };
		63007C651C6232EC000F8922 /* Splashscreen008.png */ = {isa = PBXFileReference; lastKnownFileType = image.png; path = Splashscreen008.png; sourceTree = "<group>"; };
		63007C661C6232EC000F8922 /* Splashscreen009.png */ = {isa = PBXFileReference; lastKnownFileType = image.png; path = Splashscreen009.png; sourceTree = "<group>"; };
		63007C671C6232EC000F8922 /* Splashscreen010.png */ = {isa = PBXFileReference; lastKnownFileType = image.png; path = Splashscreen010.png; sourceTree = "<group>"; };
		63007C681C6232EC000F8922 /* Splashscreen011.png */ = {isa = PBXFileReference; lastKnownFileType = image.png; path = Splashscreen011.png; sourceTree = "<group>"; };
		63007C691C6232EC000F8922 /* Splashscreen012.png */ = {isa = PBXFileReference; lastKnownFileType = image.png; path = Splashscreen012.png; sourceTree = "<group>"; };
		63007C6A1C6232EC000F8922 /* Splashscreen013.png */ = {isa = PBXFileReference; lastKnownFileType = image.png; path = Splashscreen013.png; sourceTree = "<group>"; };
		63007C6B1C6232EC000F8922 /* Splashscreen014.png */ = {isa = PBXFileReference; lastKnownFileType = image.png; path = Splashscreen014.png; sourceTree = "<group>"; };
		63007C6C1C6232EC000F8922 /* Splashscreen015.png */ = {isa = PBXFileReference; lastKnownFileType = image.png; path = Splashscreen015.png; sourceTree = "<group>"; };
		63007C6D1C6232EC000F8922 /* Splashscreen016.png */ = {isa = PBXFileReference; lastKnownFileType = image.png; path = Splashscreen016.png; sourceTree = "<group>"; };
		63007C6E1C6232EC000F8922 /* Splashscreen017.png */ = {isa = PBXFileReference; lastKnownFileType = image.png; path = Splashscreen017.png; sourceTree = "<group>"; };
		63007C6F1C6232EC000F8922 /* Splashscreen018.png */ = {isa = PBXFileReference; lastKnownFileType = image.png; path = Splashscreen018.png; sourceTree = "<group>"; };
		63007C701C6232EC000F8922 /* Splashscreen019.png */ = {isa = PBXFileReference; lastKnownFileType = image.png; path = Splashscreen019.png; sourceTree = "<group>"; };
		63007C711C6232EC000F8922 /* Splashscreen020.png */ = {isa = PBXFileReference; lastKnownFileType = image.png; path = Splashscreen020.png; sourceTree = "<group>"; };
		63007C721C6232EC000F8922 /* Splashscreen021.png */ = {isa = PBXFileReference; lastKnownFileType = image.png; path = Splashscreen021.png; sourceTree = "<group>"; };
		63007C731C6232EC000F8922 /* Splashscreen022.png */ = {isa = PBXFileReference; lastKnownFileType = image.png; path = Splashscreen022.png; sourceTree = "<group>"; };
		63007C741C6232EC000F8922 /* Splashscreen023.png */ = {isa = PBXFileReference; lastKnownFileType = image.png; path = Splashscreen023.png; sourceTree = "<group>"; };
		63007C751C6232EC000F8922 /* Splashscreen024.png */ = {isa = PBXFileReference; lastKnownFileType = image.png; path = Splashscreen024.png; sourceTree = "<group>"; };
		63007C761C6232EC000F8922 /* Splashscreen025.png */ = {isa = PBXFileReference; lastKnownFileType = image.png; path = Splashscreen025.png; sourceTree = "<group>"; };
		63007C771C6232EC000F8922 /* Splashscreen026.png */ = {isa = PBXFileReference; lastKnownFileType = image.png; path = Splashscreen026.png; sourceTree = "<group>"; };
		63007C781C6232EC000F8922 /* Splashscreen027.png */ = {isa = PBXFileReference; lastKnownFileType = image.png; path = Splashscreen027.png; sourceTree = "<group>"; };
		63007C791C6232EC000F8922 /* Splashscreen028.png */ = {isa = PBXFileReference; lastKnownFileType = image.png; path = Splashscreen028.png; sourceTree = "<group>"; };
		63007C7A1C6232EC000F8922 /* Splashscreen029.png */ = {isa = PBXFileReference; lastKnownFileType = image.png; path = Splashscreen029.png; sourceTree = "<group>"; };
		63007C7B1C6232EC000F8922 /* Splashscreen030.png */ = {isa = PBXFileReference; lastKnownFileType = image.png; path = Splashscreen030.png; sourceTree = "<group>"; };
		63007C7C1C6232EC000F8922 /* Splashscreen031.png */ = {isa = PBXFileReference; lastKnownFileType = image.png; path = Splashscreen031.png; sourceTree = "<group>"; };
		63007C7D1C6232EC000F8922 /* Splashscreen032.png */ = {isa = PBXFileReference; lastKnownFileType = image.png; path = Splashscreen032.png; sourceTree = "<group>"; };
		63007C7E1C6232EC000F8922 /* Splashscreen033.png */ = {isa = PBXFileReference; lastKnownFileType = image.png; path = Splashscreen033.png; sourceTree = "<group>"; };
		63007C7F1C6232EC000F8922 /* Splashscreen034.png */ = {isa = PBXFileReference; lastKnownFileType = image.png; path = Splashscreen034.png; sourceTree = "<group>"; };
		63007C801C6232EC000F8922 /* Splashscreen035.png */ = {isa = PBXFileReference; lastKnownFileType = image.png; path = Splashscreen035.png; sourceTree = "<group>"; };
		63007C811C6232EC000F8922 /* Splashscreen036.png */ = {isa = PBXFileReference; lastKnownFileType = image.png; path = Splashscreen036.png; sourceTree = "<group>"; };
		63007D081C62B6EF000F8922 /* Loadingscreen_00001.png */ = {isa = PBXFileReference; lastKnownFileType = image.png; path = Loadingscreen_00001.png; sourceTree = "<group>"; };
		63007D091C62B6EF000F8922 /* Loadingscreen_00002.png */ = {isa = PBXFileReference; lastKnownFileType = image.png; path = Loadingscreen_00002.png; sourceTree = "<group>"; };
		63007D0A1C62B6EF000F8922 /* Loadingscreen_00003.png */ = {isa = PBXFileReference; lastKnownFileType = image.png; path = Loadingscreen_00003.png; sourceTree = "<group>"; };
		63007D0B1C62B6EF000F8922 /* Loadingscreen_00004.png */ = {isa = PBXFileReference; lastKnownFileType = image.png; path = Loadingscreen_00004.png; sourceTree = "<group>"; };
		63007D0C1C62B6EF000F8922 /* Loadingscreen_00005.png */ = {isa = PBXFileReference; lastKnownFileType = image.png; path = Loadingscreen_00005.png; sourceTree = "<group>"; };
		63007D0D1C62B6EF000F8922 /* Loadingscreen_00006.png */ = {isa = PBXFileReference; lastKnownFileType = image.png; path = Loadingscreen_00006.png; sourceTree = "<group>"; };
		63007D0E1C62B6EF000F8922 /* Loadingscreen_00007.png */ = {isa = PBXFileReference; lastKnownFileType = image.png; path = Loadingscreen_00007.png; sourceTree = "<group>"; };
		63007D0F1C62B6EF000F8922 /* Loadingscreen_00008.png */ = {isa = PBXFileReference; lastKnownFileType = image.png; path = Loadingscreen_00008.png; sourceTree = "<group>"; };
		63007D101C62B6EF000F8922 /* Loadingscreen_00009.png */ = {isa = PBXFileReference; lastKnownFileType = image.png; path = Loadingscreen_00009.png; sourceTree = "<group>"; };
		63007D111C62B6EF000F8922 /* Loadingscreen_00010.png */ = {isa = PBXFileReference; lastKnownFileType = image.png; path = Loadingscreen_00010.png; sourceTree = "<group>"; };
		63007D121C62B6EF000F8922 /* Loadingscreen_00011.png */ = {isa = PBXFileReference; lastKnownFileType = image.png; path = Loadingscreen_00011.png; sourceTree = "<group>"; };
		63007D131C62B6EF000F8922 /* Loadingscreen_00012.png */ = {isa = PBXFileReference; lastKnownFileType = image.png; path = Loadingscreen_00012.png; sourceTree = "<group>"; };
		63007D141C62B6EF000F8922 /* Loadingscreen_00013.png */ = {isa = PBXFileReference; lastKnownFileType = image.png; path = Loadingscreen_00013.png; sourceTree = "<group>"; };
		63007D151C62B6EF000F8922 /* Loadingscreen_00014.png */ = {isa = PBXFileReference; lastKnownFileType = image.png; path = Loadingscreen_00014.png; sourceTree = "<group>"; };
		63007D161C62B6EF000F8922 /* Loadingscreen_00015.png */ = {isa = PBXFileReference; lastKnownFileType = image.png; path = Loadingscreen_00015.png; sourceTree = "<group>"; };
		63007D171C62B6EF000F8922 /* Loadingscreen_00016.png */ = {isa = PBXFileReference; lastKnownFileType = image.png; path = Loadingscreen_00016.png; sourceTree = "<group>"; };
		63007D181C62B6EF000F8922 /* Loadingscreen_00017.png */ = {isa = PBXFileReference; lastKnownFileType = image.png; path = Loadingscreen_00017.png; sourceTree = "<group>"; };
		63007D191C62B6EF000F8922 /* Loadingscreen_00018.png */ = {isa = PBXFileReference; lastKnownFileType = image.png; path = Loadingscreen_00018.png; sourceTree = "<group>"; };
		63007D1A1C62B6EF000F8922 /* Loadingscreen_00019.png */ = {isa = PBXFileReference; lastKnownFileType = image.png; path = Loadingscreen_00019.png; sourceTree = "<group>"; };
		63007D1B1C62B6EF000F8922 /* Loadingscreen_00020.png */ = {isa = PBXFileReference; lastKnownFileType = image.png; path = Loadingscreen_00020.png; sourceTree = "<group>"; };
		63007D1C1C62B6EF000F8922 /* Loadingscreen_00021.png */ = {isa = PBXFileReference; lastKnownFileType = image.png; path = Loadingscreen_00021.png; sourceTree = "<group>"; };
		63007D1D1C62B6EF000F8922 /* Loadingscreen_00022.png */ = {isa = PBXFileReference; lastKnownFileType = image.png; path = Loadingscreen_00022.png; sourceTree = "<group>"; };
		63007D1E1C62B6EF000F8922 /* Loadingscreen_00023.png */ = {isa = PBXFileReference; lastKnownFileType = image.png; path = Loadingscreen_00023.png; sourceTree = "<group>"; };
		6309EE281C1723050060FBDE /* feeliologgamedslogan.png */ = {isa = PBXFileReference; lastKnownFileType = image.png; path = feeliologgamedslogan.png; sourceTree = "<group>"; };
		6309EE2A1C1723D20060FBDE /* FirstViewController.swift */ = {isa = PBXFileReference; fileEncoding = 4; lastKnownFileType = sourcecode.swift; path = FirstViewController.swift; sourceTree = "<group>"; };
		634A49411C34320A009BDB2A /* affectionatedbutton1.png */ = {isa = PBXFileReference; lastKnownFileType = image.png; path = affectionatedbutton1.png; sourceTree = "<group>"; };
		634A49421C34320A009BDB2A /* affectionatedbutton1x2.png */ = {isa = PBXFileReference; lastKnownFileType = image.png; path = affectionatedbutton1x2.png; sourceTree = "<group>"; };
		634A49431C34320A009BDB2A /* affectionatedbutton1x3.png */ = {isa = PBXFileReference; lastKnownFileType = image.png; path = affectionatedbutton1x3.png; sourceTree = "<group>"; };
		634A49441C34320A009BDB2A /* catsbutton1.png */ = {isa = PBXFileReference; lastKnownFileType = image.png; path = catsbutton1.png; sourceTree = "<group>"; };
		634A49451C34320A009BDB2A /* catsbutton1x2.png */ = {isa = PBXFileReference; lastKnownFileType = image.png; path = catsbutton1x2.png; sourceTree = "<group>"; };
		634A49461C34320A009BDB2A /* catsbutton1x3.png */ = {isa = PBXFileReference; lastKnownFileType = image.png; path = catsbutton1x3.png; sourceTree = "<group>"; };
		634A49471C34320A009BDB2A /* happybutton1.png */ = {isa = PBXFileReference; lastKnownFileType = image.png; path = happybutton1.png; sourceTree = "<group>"; };
		634A49481C34320A009BDB2A /* happybutton1x2.png */ = {isa = PBXFileReference; lastKnownFileType = image.png; path = happybutton1x2.png; sourceTree = "<group>"; };
		634A49491C34320A009BDB2A /* happybutton1x3.png */ = {isa = PBXFileReference; lastKnownFileType = image.png; path = happybutton1x3.png; sourceTree = "<group>"; };
		634A494A1C34320A009BDB2A /* pressurizedbutton1.png */ = {isa = PBXFileReference; lastKnownFileType = image.png; path = pressurizedbutton1.png; sourceTree = "<group>"; };
		634A494B1C34320A009BDB2A /* pressurizedbutton1x2.png */ = {isa = PBXFileReference; lastKnownFileType = image.png; path = pressurizedbutton1x2.png; sourceTree = "<group>"; };
		634A494C1C34320A009BDB2A /* pressurizedbutton1x3.png */ = {isa = PBXFileReference; lastKnownFileType = image.png; path = pressurizedbutton1x3.png; sourceTree = "<group>"; };
		634A494D1C34320A009BDB2A /* pumpedbutton1.png */ = {isa = PBXFileReference; lastKnownFileType = image.png; path = pumpedbutton1.png; sourceTree = "<group>"; };
		634A494E1C34320A009BDB2A /* pumpedbutton1x2.png */ = {isa = PBXFileReference; lastKnownFileType = image.png; path = pumpedbutton1x2.png; sourceTree = "<group>"; };
		634A494F1C34320A009BDB2A /* pumpedbutton1x3.png */ = {isa = PBXFileReference; lastKnownFileType = image.png; path = pumpedbutton1x3.png; sourceTree = "<group>"; };
		634A49671C3435B2009BDB2A /* catsbutton_stor.png */ = {isa = PBXFileReference; lastKnownFileType = image.png; path = catsbutton_stor.png; sourceTree = "<group>"; };
		634A49691C34373E009BDB2A /* catsbutton_storx2.png */ = {isa = PBXFileReference; lastKnownFileType = image.png; path = catsbutton_storx2.png; sourceTree = "<group>"; };
		634A496A1C34373E009BDB2A /* catsbutton_storx3.png */ = {isa = PBXFileReference; lastKnownFileType = image.png; path = catsbutton_storx3.png; sourceTree = "<group>"; };
		634A496E1C344992009BDB2A /* valentinesbutton.png */ = {isa = PBXFileReference; lastKnownFileType = image.png; path = valentinesbutton.png; sourceTree = "<group>"; };
		634A496F1C344992009BDB2A /* valentinesbuttonx2.png */ = {isa = PBXFileReference; lastKnownFileType = image.png; path = valentinesbuttonx2.png; sourceTree = "<group>"; };
		634A49701C344992009BDB2A /* valentinesbuttonx3.png */ = {isa = PBXFileReference; lastKnownFileType = image.png; path = valentinesbuttonx3.png; sourceTree = "<group>"; };
		634A49751C344A2D009BDB2A /* valentinesbutton_stor.png */ = {isa = PBXFileReference; lastKnownFileType = image.png; path = valentinesbutton_stor.png; sourceTree = "<group>"; };
		634A49771C344AF7009BDB2A /* valentinesbutton_storx2.png */ = {isa = PBXFileReference; lastKnownFileType = image.png; path = valentinesbutton_storx2.png; sourceTree = "<group>"; };
		634A49781C344AF7009BDB2A /* valentinesbutton_storx3.png */ = {isa = PBXFileReference; lastKnownFileType = image.png; path = valentinesbutton_storx3.png; sourceTree = "<group>"; };
		63B6F9C51C22E2DB00EECFFF /* feeliologgavitmedslogan.png */ = {isa = PBXFileReference; lastKnownFileType = image.png; path = feeliologgavitmedslogan.png; sourceTree = "<group>"; };
		63B6F9C61C22E2DB00EECFFF /* feeliologgavitmedsloganx2.png */ = {isa = PBXFileReference; lastKnownFileType = image.png; path = feeliologgavitmedsloganx2.png; sourceTree = "<group>"; };
		63B6F9C71C22E2DB00EECFFF /* feeliologgavitmedsloganx3.png */ = {isa = PBXFileReference; lastKnownFileType = image.png; path = feeliologgavitmedsloganx3.png; sourceTree = "<group>"; };
		63B6FA401C29644200EECFFF /* feeliologgavitUTANslogan.png */ = {isa = PBXFileReference; lastKnownFileType = image.png; path = feeliologgavitUTANslogan.png; sourceTree = "<group>"; };
		63B6FA411C29644200EECFFF /* feeliologgavitUTANsloganx2.png */ = {isa = PBXFileReference; lastKnownFileType = image.png; path = feeliologgavitUTANsloganx2.png; sourceTree = "<group>"; };
		63B6FA421C29644200EECFFF /* feeliologgavitUTANsloganx3.png */ = {isa = PBXFileReference; lastKnownFileType = image.png; path = feeliologgavitUTANsloganx3.png; sourceTree = "<group>"; };
		63BC1AD91C19BD8300A3F8B4 /* backbutton.png */ = {isa = PBXFileReference; lastKnownFileType = image.png; path = backbutton.png; sourceTree = "<group>"; };
		63BC1ADA1C19BD8300A3F8B4 /* likebutton_liked.png */ = {isa = PBXFileReference; lastKnownFileType = image.png; path = likebutton_liked.png; sourceTree = "<group>"; };
		63BC1ADB1C19BD8300A3F8B4 /* likebutton_notliked.png */ = {isa = PBXFileReference; lastKnownFileType = image.png; path = likebutton_notliked.png; sourceTree = "<group>"; };
		63BC1ADC1C19BD8300A3F8B4 /* sharebutton.png */ = {isa = PBXFileReference; lastKnownFileType = image.png; path = sharebutton.png; sourceTree = "<group>"; };
		63BD041C1C218F06001C9970 /* Launch Screen.storyboard */ = {isa = PBXFileReference; fileEncoding = 4; lastKnownFileType = file.storyboard; name = "Launch Screen.storyboard"; path = "../Launch Screen.storyboard"; sourceTree = "<group>"; };
		63E9749C1C5A471D000B1A28 /* backbutton_dotted.png */ = {isa = PBXFileReference; lastKnownFileType = image.png; name = backbutton_dotted.png; path = Loadingscreen/backbutton_dotted.png; sourceTree = "<group>"; };
		63E9749D1C5A471D000B1A28 /* backbutton_dottedx2.png */ = {isa = PBXFileReference; lastKnownFileType = image.png; name = backbutton_dottedx2.png; path = Loadingscreen/backbutton_dottedx2.png; sourceTree = "<group>"; };
		63E9749E1C5A471D000B1A28 /* backbutton_dottedx3.png */ = {isa = PBXFileReference; lastKnownFileType = image.png; name = backbutton_dottedx3.png; path = Loadingscreen/backbutton_dottedx3.png; sourceTree = "<group>"; };
		63E974A21C5A5148000B1A28 /* dislikebutton_dotted.png */ = {isa = PBXFileReference; lastKnownFileType = image.png; path = dislikebutton_dotted.png; sourceTree = "<group>"; };
		63E974A31C5A5148000B1A28 /* dislikebutton_dottedx2.png */ = {isa = PBXFileReference; lastKnownFileType = image.png; path = dislikebutton_dottedx2.png; sourceTree = "<group>"; };
		63E974A41C5A5148000B1A28 /* dislikebutton_dottedx3.png */ = {isa = PBXFileReference; lastKnownFileType = image.png; path = dislikebutton_dottedx3.png; sourceTree = "<group>"; };
		63E974A51C5A5148000B1A28 /* likebutton_dotted.png */ = {isa = PBXFileReference; lastKnownFileType = image.png; path = likebutton_dotted.png; sourceTree = "<group>"; };
		63E974A61C5A5148000B1A28 /* likebutton_dottedx2.png */ = {isa = PBXFileReference; lastKnownFileType = image.png; path = likebutton_dottedx2.png; sourceTree = "<group>"; };
		63E974A71C5A5148000B1A28 /* likebutton_dottedx3.png */ = {isa = PBXFileReference; lastKnownFileType = image.png; path = likebutton_dottedx3.png; sourceTree = "<group>"; };
		63E974A81C5A5148000B1A28 /* sharebutton_dotted.png */ = {isa = PBXFileReference; lastKnownFileType = image.png; path = sharebutton_dotted.png; sourceTree = "<group>"; };
		63E974A91C5A5148000B1A28 /* sharebutton_dottedx2.png */ = {isa = PBXFileReference; lastKnownFileType = image.png; path = sharebutton_dottedx2.png; sourceTree = "<group>"; };
		63E974AA1C5A5148000B1A28 /* sharebutton_dottedx3.png */ = {isa = PBXFileReference; lastKnownFileType = image.png; path = sharebutton_dottedx3.png; sourceTree = "<group>"; };
		63E974B41C5A551E000B1A28 /* PoweredBy_200px-White_HorizText.png */ = {isa = PBXFileReference; lastKnownFileType = image.png; path = "PoweredBy_200px-White_HorizText.png"; sourceTree = "<group>"; };
		63E974D21C5A6E5F000B1A28 /* swipe009.png */ = {isa = PBXFileReference; lastKnownFileType = image.png; path = swipe009.png; sourceTree = "<group>"; };
		63E974D31C5A6E5F000B1A28 /* swipe010.png */ = {isa = PBXFileReference; lastKnownFileType = image.png; path = swipe010.png; sourceTree = "<group>"; };
		63E974D41C5A6E5F000B1A28 /* swipe011.png */ = {isa = PBXFileReference; lastKnownFileType = image.png; path = swipe011.png; sourceTree = "<group>"; };
		63E974D51C5A6E5F000B1A28 /* swipe012.png */ = {isa = PBXFileReference; lastKnownFileType = image.png; path = swipe012.png; sourceTree = "<group>"; };
		63E974D61C5A6E5F000B1A28 /* swipe013.png */ = {isa = PBXFileReference; lastKnownFileType = image.png; path = swipe013.png; sourceTree = "<group>"; };
		63E974D71C5A6E5F000B1A28 /* swipe014.png */ = {isa = PBXFileReference; lastKnownFileType = image.png; path = swipe014.png; sourceTree = "<group>"; };
		63E974D81C5A6E5F000B1A28 /* swipe015.png */ = {isa = PBXFileReference; lastKnownFileType = image.png; path = swipe015.png; sourceTree = "<group>"; };
		63E974D91C5A6E5F000B1A28 /* swipe016.png */ = {isa = PBXFileReference; lastKnownFileType = image.png; path = swipe016.png; sourceTree = "<group>"; };
		63E974DA1C5A6E5F000B1A28 /* swipe017.png */ = {isa = PBXFileReference; lastKnownFileType = image.png; path = swipe017.png; sourceTree = "<group>"; };
		63E974DB1C5A6E5F000B1A28 /* swipe018.png */ = {isa = PBXFileReference; lastKnownFileType = image.png; path = swipe018.png; sourceTree = "<group>"; };
		63E974DC1C5A6E5F000B1A28 /* swipe019.png */ = {isa = PBXFileReference; lastKnownFileType = image.png; path = swipe019.png; sourceTree = "<group>"; };
		63E974DD1C5A6E5F000B1A28 /* swipe020.png */ = {isa = PBXFileReference; lastKnownFileType = image.png; path = swipe020.png; sourceTree = "<group>"; };
		63E974DE1C5A6E5F000B1A28 /* swipe021.png */ = {isa = PBXFileReference; lastKnownFileType = image.png; path = swipe021.png; sourceTree = "<group>"; };
		63E974DF1C5A6E5F000B1A28 /* swipe022.png */ = {isa = PBXFileReference; lastKnownFileType = image.png; path = swipe022.png; sourceTree = "<group>"; };
		63E974E01C5A6E5F000B1A28 /* swipe023.png */ = {isa = PBXFileReference; lastKnownFileType = image.png; path = swipe023.png; sourceTree = "<group>"; };
		63E974E11C5A6E5F000B1A28 /* swipe024.png */ = {isa = PBXFileReference; lastKnownFileType = image.png; path = swipe024.png; sourceTree = "<group>"; };
		63E974E21C5A6E5F000B1A28 /* swipe025.png */ = {isa = PBXFileReference; lastKnownFileType = image.png; path = swipe025.png; sourceTree = "<group>"; };
		63E974E31C5A6E5F000B1A28 /* swipe026.png */ = {isa = PBXFileReference; lastKnownFileType = image.png; path = swipe026.png; sourceTree = "<group>"; };
		63E974E41C5A6E5F000B1A28 /* swipe027.png */ = {isa = PBXFileReference; lastKnownFileType = image.png; path = swipe027.png; sourceTree = "<group>"; };
		63E974E51C5A6E5F000B1A28 /* swipe028.png */ = {isa = PBXFileReference; lastKnownFileType = image.png; path = swipe028.png; sourceTree = "<group>"; };
		63E974E61C5A6E5F000B1A28 /* swipe029.png */ = {isa = PBXFileReference; lastKnownFileType = image.png; path = swipe029.png; sourceTree = "<group>"; };
		63E974E71C5A6E5F000B1A28 /* swipe030.png */ = {isa = PBXFileReference; lastKnownFileType = image.png; path = swipe030.png; sourceTree = "<group>"; };
		63E974E81C5A6E5F000B1A28 /* swipe031.png */ = {isa = PBXFileReference; lastKnownFileType = image.png; path = swipe031.png; sourceTree = "<group>"; };
		63E974E91C5A6E5F000B1A28 /* swipe032.png */ = {isa = PBXFileReference; lastKnownFileType = image.png; path = swipe032.png; sourceTree = "<group>"; };
		63E974EA1C5A6E5F000B1A28 /* swipe033.png */ = {isa = PBXFileReference; lastKnownFileType = image.png; path = swipe033.png; sourceTree = "<group>"; };
		63E974EB1C5A6E5F000B1A28 /* swipe034.png */ = {isa = PBXFileReference; lastKnownFileType = image.png; path = swipe034.png; sourceTree = "<group>"; };
		63E974EC1C5A6E5F000B1A28 /* swipe035.png */ = {isa = PBXFileReference; lastKnownFileType = image.png; path = swipe035.png; sourceTree = "<group>"; };
		63E974ED1C5A6E5F000B1A28 /* swipe036.png */ = {isa = PBXFileReference; lastKnownFileType = image.png; path = swipe036.png; sourceTree = "<group>"; };
		63E974EE1C5A6E5F000B1A28 /* swipe037.png */ = {isa = PBXFileReference; lastKnownFileType = image.png; path = swipe037.png; sourceTree = "<group>"; };
		63E974EF1C5A6E5F000B1A28 /* swipe038.png */ = {isa = PBXFileReference; lastKnownFileType = image.png; path = swipe038.png; sourceTree = "<group>"; };
		63E974F01C5A6E5F000B1A28 /* swipe039.png */ = {isa = PBXFileReference; lastKnownFileType = image.png; path = swipe039.png; sourceTree = "<group>"; };
		63E974F11C5A6E5F000B1A28 /* swipe040.png */ = {isa = PBXFileReference; lastKnownFileType = image.png; path = swipe040.png; sourceTree = "<group>"; };
		744099431C1716A700217E3D /* ParseStarterProject-Swift-Bridging-Header.h */ = {isa = PBXFileReference; lastKnownFileType = sourcecode.c.h; path = "ParseStarterProject-Swift-Bridging-Header.h"; sourceTree = "<group>"; };
		744099441C1716A700217E3D /* SwiftGIFImage-Bridging-Header.h */ = {isa = PBXFileReference; fileEncoding = 4; lastKnownFileType = sourcecode.c.h; path = "SwiftGIFImage-Bridging-Header.h"; sourceTree = "<group>"; };
		744099451C1716A700217E3D /* SwiftyJSON.swift */ = {isa = PBXFileReference; fileEncoding = 4; lastKnownFileType = sourcecode.swift; path = SwiftyJSON.swift; sourceTree = "<group>"; };
		744099461C1716A700217E3D /* UIImage+animatedGIF.h */ = {isa = PBXFileReference; fileEncoding = 4; lastKnownFileType = sourcecode.c.h; path = "UIImage+animatedGIF.h"; sourceTree = "<group>"; };
		744099471C1716A700217E3D /* UIImage+animatedGIF.m */ = {isa = PBXFileReference; fileEncoding = 4; lastKnownFileType = sourcecode.c.objc; path = "UIImage+animatedGIF.m"; sourceTree = "<group>"; };
		7440994A1C17170500217E3D /* Giphy.h */ = {isa = PBXFileReference; fileEncoding = 4; lastKnownFileType = sourcecode.c.h; name = Giphy.h; path = ../Giphy.h; sourceTree = "<group>"; };
		7440994B1C17170500217E3D /* Giphy.swift */ = {isa = PBXFileReference; fileEncoding = 4; lastKnownFileType = sourcecode.swift; name = Giphy.swift; path = ../Giphy.swift; sourceTree = "<group>"; };
		814C3AC71B69877600E307BB /* Base */ = {isa = PBXFileReference; lastKnownFileType = file.storyboard; name = Base; path = Base.lproj/Main.storyboard; sourceTree = "<group>"; };
		814C3AC81B69877600E307BB /* Images.xcassets */ = {isa = PBXFileReference; lastKnownFileType = folder.assetcatalog; path = Images.xcassets; sourceTree = "<group>"; };
		814C3AC91B69877600E307BB /* Info.plist */ = {isa = PBXFileReference; fileEncoding = 4; lastKnownFileType = text.plist.xml; path = Info.plist; sourceTree = "<group>"; };
		81BA81451A49DA1800E65899 /* ParseStarterProject-Swift.app */ = {isa = PBXFileReference; explicitFileType = wrapper.application; includeInIndex = 0; path = "ParseStarterProject-Swift.app"; sourceTree = BUILT_PRODUCTS_DIR; };
		81BA814A1A49DA1800E65899 /* AppDelegate.swift */ = {isa = PBXFileReference; lastKnownFileType = sourcecode.swift; path = AppDelegate.swift; sourceTree = "<group>"; };
		81BA814C1A49DA1800E65899 /* ViewController.swift */ = {isa = PBXFileReference; lastKnownFileType = sourcecode.swift; path = ViewController.swift; sourceTree = "<group>"; };
		81BA816B1A49DB6800E65899 /* Bolts.framework */ = {isa = PBXFileReference; lastKnownFileType = wrapper.framework; path = Bolts.framework; sourceTree = "<group>"; };
		81BA816C1A49DB6800E65899 /* Parse.framework */ = {isa = PBXFileReference; lastKnownFileType = wrapper.framework; path = Parse.framework; sourceTree = "<group>"; };
		81BA816D1A49DB6800E65899 /* ParseCrashReporting.framework */ = {isa = PBXFileReference; lastKnownFileType = wrapper.framework; path = ParseCrashReporting.framework; sourceTree = "<group>"; };
		81BA816E1A49DB6800E65899 /* ParseFacebookUtils.framework */ = {isa = PBXFileReference; lastKnownFileType = wrapper.framework; path = ParseFacebookUtils.framework; sourceTree = "<group>"; };
		81BA81761A49E0D500E65899 /* libsqlite3.dylib */ = {isa = PBXFileReference; lastKnownFileType = "compiled.mach-o.dylib"; name = libsqlite3.dylib; path = usr/lib/libsqlite3.dylib; sourceTree = SDKROOT; };
		81BA81781A49E0DB00E65899 /* AudioToolbox.framework */ = {isa = PBXFileReference; lastKnownFileType = wrapper.framework; name = AudioToolbox.framework; path = System/Library/Frameworks/AudioToolbox.framework; sourceTree = SDKROOT; };
		81BA817A1A49E0E500E65899 /* SystemConfiguration.framework */ = {isa = PBXFileReference; lastKnownFileType = wrapper.framework; name = SystemConfiguration.framework; path = System/Library/Frameworks/SystemConfiguration.framework; sourceTree = SDKROOT; };
		81BA817E1A49E0F000E65899 /* libstdc++.6.dylib */ = {isa = PBXFileReference; lastKnownFileType = "compiled.mach-o.dylib"; name = "libstdc++.6.dylib"; path = "usr/lib/libstdc++.6.dylib"; sourceTree = SDKROOT; };
		81BA81801A49E10C00E65899 /* ParseUI.framework */ = {isa = PBXFileReference; lastKnownFileType = wrapper.framework; path = ParseUI.framework; sourceTree = "<group>"; };
/* End PBXFileReference section */

/* Begin PBXFrameworksBuildPhase section */
		81BA81421A49DA1800E65899 /* Frameworks */ = {
			isa = PBXFrameworksBuildPhase;
			buildActionMask = 2147483647;
			files = (
				81BA817F1A49E0F000E65899 /* libstdc++.6.dylib in Frameworks */,
				81BA817B1A49E0E500E65899 /* SystemConfiguration.framework in Frameworks */,
				81BA81791A49E0DB00E65899 /* AudioToolbox.framework in Frameworks */,
				81BA81771A49E0D500E65899 /* libsqlite3.dylib in Frameworks */,
				81BA81711A49DB6800E65899 /* Parse.framework in Frameworks */,
				81BA81701A49DB6800E65899 /* Bolts.framework in Frameworks */,
			);
			runOnlyForDeploymentPostprocessing = 0;
		};
/* End PBXFrameworksBuildPhase section */

/* Begin PBXGroup section */
		63007C5C1C6232EC000F8922 /* Splashscreen */ = {
			isa = PBXGroup;
			children = (
				63007C5D1C6232EC000F8922 /* Splashscreen000.png */,
				63007C5E1C6232EC000F8922 /* Splashscreen001.png */,
				63007C5F1C6232EC000F8922 /* Splashscreen002.png */,
				63007C601C6232EC000F8922 /* Splashscreen003.png */,
				63007C611C6232EC000F8922 /* Splashscreen004.png */,
				63007C621C6232EC000F8922 /* Splashscreen005.png */,
				63007C631C6232EC000F8922 /* Splashscreen006.png */,
				63007C641C6232EC000F8922 /* Splashscreen007.png */,
				63007C651C6232EC000F8922 /* Splashscreen008.png */,
				63007C661C6232EC000F8922 /* Splashscreen009.png */,
				63007C671C6232EC000F8922 /* Splashscreen010.png */,
				63007C681C6232EC000F8922 /* Splashscreen011.png */,
				63007C691C6232EC000F8922 /* Splashscreen012.png */,
				63007C6A1C6232EC000F8922 /* Splashscreen013.png */,
				63007C6B1C6232EC000F8922 /* Splashscreen014.png */,
				63007C6C1C6232EC000F8922 /* Splashscreen015.png */,
				63007C6D1C6232EC000F8922 /* Splashscreen016.png */,
				63007C6E1C6232EC000F8922 /* Splashscreen017.png */,
				63007C6F1C6232EC000F8922 /* Splashscreen018.png */,
				63007C701C6232EC000F8922 /* Splashscreen019.png */,
				63007C711C6232EC000F8922 /* Splashscreen020.png */,
				63007C721C6232EC000F8922 /* Splashscreen021.png */,
				63007C731C6232EC000F8922 /* Splashscreen022.png */,
				63007C741C6232EC000F8922 /* Splashscreen023.png */,
				63007C751C6232EC000F8922 /* Splashscreen024.png */,
				63007C761C6232EC000F8922 /* Splashscreen025.png */,
				63007C771C6232EC000F8922 /* Splashscreen026.png */,
				63007C781C6232EC000F8922 /* Splashscreen027.png */,
				63007C791C6232EC000F8922 /* Splashscreen028.png */,
				63007C7A1C6232EC000F8922 /* Splashscreen029.png */,
				63007C7B1C6232EC000F8922 /* Splashscreen030.png */,
				63007C7C1C6232EC000F8922 /* Splashscreen031.png */,
				63007C7D1C6232EC000F8922 /* Splashscreen032.png */,
				63007C7E1C6232EC000F8922 /* Splashscreen033.png */,
				63007C7F1C6232EC000F8922 /* Splashscreen034.png */,
				63007C801C6232EC000F8922 /* Splashscreen035.png */,
				63007C811C6232EC000F8922 /* Splashscreen036.png */,
			);
			path = Splashscreen;
			sourceTree = "<group>";
		};
		63007D071C62B6EF000F8922 /* Loadingscreenfeelio1 */ = {
			isa = PBXGroup;
			children = (
				63007D081C62B6EF000F8922 /* Loadingscreen_00001.png */,
				63007D091C62B6EF000F8922 /* Loadingscreen_00002.png */,
				63007D0A1C62B6EF000F8922 /* Loadingscreen_00003.png */,
				63007D0B1C62B6EF000F8922 /* Loadingscreen_00004.png */,
				63007D0C1C62B6EF000F8922 /* Loadingscreen_00005.png */,
				63007D0D1C62B6EF000F8922 /* Loadingscreen_00006.png */,
				63007D0E1C62B6EF000F8922 /* Loadingscreen_00007.png */,
				63007D0F1C62B6EF000F8922 /* Loadingscreen_00008.png */,
				63007D101C62B6EF000F8922 /* Loadingscreen_00009.png */,
				63007D111C62B6EF000F8922 /* Loadingscreen_00010.png */,
				63007D121C62B6EF000F8922 /* Loadingscreen_00011.png */,
				63007D131C62B6EF000F8922 /* Loadingscreen_00012.png */,
				63007D141C62B6EF000F8922 /* Loadingscreen_00013.png */,
				63007D151C62B6EF000F8922 /* Loadingscreen_00014.png */,
				63007D161C62B6EF000F8922 /* Loadingscreen_00015.png */,
				63007D171C62B6EF000F8922 /* Loadingscreen_00016.png */,
				63007D181C62B6EF000F8922 /* Loadingscreen_00017.png */,
				63007D191C62B6EF000F8922 /* Loadingscreen_00018.png */,
				63007D1A1C62B6EF000F8922 /* Loadingscreen_00019.png */,
				63007D1B1C62B6EF000F8922 /* Loadingscreen_00020.png */,
				63007D1C1C62B6EF000F8922 /* Loadingscreen_00021.png */,
				63007D1D1C62B6EF000F8922 /* Loadingscreen_00022.png */,
				63007D1E1C62B6EF000F8922 /* Loadingscreen_00023.png */,
			);
			path = Loadingscreenfeelio1;
			sourceTree = "<group>";
		};
		634A49401C342FDE009BDB2A /* Bildernya */ = {
			isa = PBXGroup;
			children = (
				63007D071C62B6EF000F8922 /* Loadingscreenfeelio1 */,
				63007C5C1C6232EC000F8922 /* Splashscreen */,
				63E974C81C5A6E5F000B1A28 /* swipe */,
				634A49751C344A2D009BDB2A /* valentinesbutton_stor.png */,
				63E974B41C5A551E000B1A28 /* PoweredBy_200px-White_HorizText.png */,
				63E9749C1C5A471D000B1A28 /* backbutton_dotted.png */,
				63E9749D1C5A471D000B1A28 /* backbutton_dottedx2.png */,
				63E9749E1C5A471D000B1A28 /* backbutton_dottedx3.png */,
				634A49771C344AF7009BDB2A /* valentinesbutton_storx2.png */,
				634A49781C344AF7009BDB2A /* valentinesbutton_storx3.png */,
				634A496E1C344992009BDB2A /* valentinesbutton.png */,
				634A496F1C344992009BDB2A /* valentinesbuttonx2.png */,
				634A49701C344992009BDB2A /* valentinesbuttonx3.png */,
				634A49671C3435B2009BDB2A /* catsbutton_stor.png */,
				634A49691C34373E009BDB2A /* catsbutton_storx2.png */,
				634A496A1C34373E009BDB2A /* catsbutton_storx3.png */,
				634A49411C34320A009BDB2A /* affectionatedbutton1.png */,
				634A49421C34320A009BDB2A /* affectionatedbutton1x2.png */,
				634A49431C34320A009BDB2A /* affectionatedbutton1x3.png */,
				63E974A21C5A5148000B1A28 /* dislikebutton_dotted.png */,
				63E974A31C5A5148000B1A28 /* dislikebutton_dottedx2.png */,
				63E974A41C5A5148000B1A28 /* dislikebutton_dottedx3.png */,
				63E974A51C5A5148000B1A28 /* likebutton_dotted.png */,
				63E974A61C5A5148000B1A28 /* likebutton_dottedx2.png */,
				63E974A71C5A5148000B1A28 /* likebutton_dottedx3.png */,
				63E974A81C5A5148000B1A28 /* sharebutton_dotted.png */,
				63E974A91C5A5148000B1A28 /* sharebutton_dottedx2.png */,
				63E974AA1C5A5148000B1A28 /* sharebutton_dottedx3.png */,
				634A49441C34320A009BDB2A /* catsbutton1.png */,
				634A49451C34320A009BDB2A /* catsbutton1x2.png */,
				634A49461C34320A009BDB2A /* catsbutton1x3.png */,
				634A49471C34320A009BDB2A /* happybutton1.png */,
				634A49481C34320A009BDB2A /* happybutton1x2.png */,
				634A49491C34320A009BDB2A /* happybutton1x3.png */,
				634A494A1C34320A009BDB2A /* pressurizedbutton1.png */,
				634A494B1C34320A009BDB2A /* pressurizedbutton1x2.png */,
				634A494C1C34320A009BDB2A /* pressurizedbutton1x3.png */,
				634A494D1C34320A009BDB2A /* pumpedbutton1.png */,
				634A494E1C34320A009BDB2A /* pumpedbutton1x2.png */,
				634A494F1C34320A009BDB2A /* pumpedbutton1x3.png */,
			);
			name = Bildernya;
			sourceTree = "<group>";
		};
		63BC1AD81C19BD7800A3F8B4 /* Bilder */ = {
			isa = PBXGroup;
			children = (
				63B6FA401C29644200EECFFF /* feeliologgavitUTANslogan.png */,
				63B6FA411C29644200EECFFF /* feeliologgavitUTANsloganx2.png */,
				63B6FA421C29644200EECFFF /* feeliologgavitUTANsloganx3.png */,
				63B6F9C51C22E2DB00EECFFF /* feeliologgavitmedslogan.png */,
				63B6F9C61C22E2DB00EECFFF /* feeliologgavitmedsloganx2.png */,
				63B6F9C71C22E2DB00EECFFF /* feeliologgavitmedsloganx3.png */,
				63BC1AD91C19BD8300A3F8B4 /* backbutton.png */,
				63BC1ADA1C19BD8300A3F8B4 /* likebutton_liked.png */,
				63BC1ADB1C19BD8300A3F8B4 /* likebutton_notliked.png */,
				63BC1ADC1C19BD8300A3F8B4 /* sharebutton.png */,
			);
			name = Bilder;
			sourceTree = "<group>";
		};
		63E974C81C5A6E5F000B1A28 /* swipe */ = {
			isa = PBXGroup;
			children = (
				63E974D21C5A6E5F000B1A28 /* swipe009.png */,
				63E974D31C5A6E5F000B1A28 /* swipe010.png */,
				63E974D41C5A6E5F000B1A28 /* swipe011.png */,
				63E974D51C5A6E5F000B1A28 /* swipe012.png */,
				63E974D61C5A6E5F000B1A28 /* swipe013.png */,
				63E974D71C5A6E5F000B1A28 /* swipe014.png */,
				63E974D81C5A6E5F000B1A28 /* swipe015.png */,
				63E974D91C5A6E5F000B1A28 /* swipe016.png */,
				63E974DA1C5A6E5F000B1A28 /* swipe017.png */,
				63E974DB1C5A6E5F000B1A28 /* swipe018.png */,
				63E974DC1C5A6E5F000B1A28 /* swipe019.png */,
				63E974DD1C5A6E5F000B1A28 /* swipe020.png */,
				63E974DE1C5A6E5F000B1A28 /* swipe021.png */,
				63E974DF1C5A6E5F000B1A28 /* swipe022.png */,
				63E974E01C5A6E5F000B1A28 /* swipe023.png */,
				63E974E11C5A6E5F000B1A28 /* swipe024.png */,
				63E974E21C5A6E5F000B1A28 /* swipe025.png */,
				63E974E31C5A6E5F000B1A28 /* swipe026.png */,
				63E974E41C5A6E5F000B1A28 /* swipe027.png */,
				63E974E51C5A6E5F000B1A28 /* swipe028.png */,
				63E974E61C5A6E5F000B1A28 /* swipe029.png */,
				63E974E71C5A6E5F000B1A28 /* swipe030.png */,
				63E974E81C5A6E5F000B1A28 /* swipe031.png */,
				63E974E91C5A6E5F000B1A28 /* swipe032.png */,
				63E974EA1C5A6E5F000B1A28 /* swipe033.png */,
				63E974EB1C5A6E5F000B1A28 /* swipe034.png */,
				63E974EC1C5A6E5F000B1A28 /* swipe035.png */,
				63E974ED1C5A6E5F000B1A28 /* swipe036.png */,
				63E974EE1C5A6E5F000B1A28 /* swipe037.png */,
				63E974EF1C5A6E5F000B1A28 /* swipe038.png */,
				63E974F01C5A6E5F000B1A28 /* swipe039.png */,
				63E974F11C5A6E5F000B1A28 /* swipe040.png */,
			);
			path = swipe;
			sourceTree = "<group>";
		};
		814C3AC51B69877600E307BB /* Resources */ = {
			isa = PBXGroup;
			children = (
				814C3AC81B69877600E307BB /* Images.xcassets */,
				814C3AC91B69877600E307BB /* Info.plist */,
			);
			path = Resources;
			sourceTree = "<group>";
		};
		81BA813C1A49DA1800E65899 = {
			isa = PBXGroup;
			children = (
				81BA81471A49DA1800E65899 /* ParseStarterProject */,
				814C3AC51B69877600E307BB /* Resources */,
				81BA816A1A49DB5600E65899 /* Frameworks */,
				81BA81461A49DA1800E65899 /* Products */,
			);
			sourceTree = "<group>";
		};
		81BA81461A49DA1800E65899 /* Products */ = {
			isa = PBXGroup;
			children = (
				81BA81451A49DA1800E65899 /* ParseStarterProject-Swift.app */,
			);
			name = Products;
			sourceTree = "<group>";
		};
		81BA81471A49DA1800E65899 /* ParseStarterProject */ = {
			isa = PBXGroup;
			children = (
				634A49401C342FDE009BDB2A /* Bildernya */,
				63BC1AD81C19BD7800A3F8B4 /* Bilder */,
				7440994A1C17170500217E3D /* Giphy.h */,
				7440994B1C17170500217E3D /* Giphy.swift */,
				81BA814A1A49DA1800E65899 /* AppDelegate.swift */,
				6309EE2A1C1723D20060FBDE /* FirstViewController.swift */,
				81BA814C1A49DA1800E65899 /* ViewController.swift */,
				63007C5A1C62324B000F8922 /* SplashScreen.swift */,
				814C3AC61B69877600E307BB /* Main.storyboard */,
				744099441C1716A700217E3D /* SwiftGIFImage-Bridging-Header.h */,
				744099451C1716A700217E3D /* SwiftyJSON.swift */,
				744099461C1716A700217E3D /* UIImage+animatedGIF.h */,
				744099471C1716A700217E3D /* UIImage+animatedGIF.m */,
				744099431C1716A700217E3D /* ParseStarterProject-Swift-Bridging-Header.h */,
				6309EE281C1723050060FBDE /* feeliologgamedslogan.png */,
				63BD041C1C218F06001C9970 /* Launch Screen.storyboard */,
			);
			path = ParseStarterProject;
			sourceTree = "<group>";
		};
		81BA816A1A49DB5600E65899 /* Frameworks */ = {
			isa = PBXGroup;
			children = (
				81BA816B1A49DB6800E65899 /* Bolts.framework */,
				81BA816C1A49DB6800E65899 /* Parse.framework */,
				81BA816D1A49DB6800E65899 /* ParseCrashReporting.framework */,
				81BA816E1A49DB6800E65899 /* ParseFacebookUtils.framework */,
				81BA81801A49E10C00E65899 /* ParseUI.framework */,
				81BA81751A49E0C500E65899 /* System Frameworks */,
			);
			name = Frameworks;
			sourceTree = "<group>";
		};
		81BA81751A49E0C500E65899 /* System Frameworks */ = {
			isa = PBXGroup;
			children = (
				81BA817E1A49E0F000E65899 /* libstdc++.6.dylib */,
				81BA817A1A49E0E500E65899 /* SystemConfiguration.framework */,
				81BA81781A49E0DB00E65899 /* AudioToolbox.framework */,
				81BA81761A49E0D500E65899 /* libsqlite3.dylib */,
			);
			name = "System Frameworks";
			sourceTree = "<group>";
		};
/* End PBXGroup section */

/* Begin PBXNativeTarget section */
		81BA81441A49DA1800E65899 /* ParseStarterProject-Swift */ = {
			isa = PBXNativeTarget;
			buildConfigurationList = 81BA81641A49DA1800E65899 /* Build configuration list for PBXNativeTarget "ParseStarterProject-Swift" */;
			buildPhases = (
				81BA81411A49DA1800E65899 /* Sources */,
				81BA81421A49DA1800E65899 /* Frameworks */,
				81BA81431A49DA1800E65899 /* Resources */,
				81CC85E11A49F6D40076DE19 /* Upload Symbol Files */,
			);
			buildRules = (
			);
			dependencies = (
			);
			name = "ParseStarterProject-Swift";
			productName = ParseStarterProject;
			productReference = 81BA81451A49DA1800E65899 /* ParseStarterProject-Swift.app */;
			productType = "com.apple.product-type.application";
		};
/* End PBXNativeTarget section */

/* Begin PBXProject section */
		81BA813D1A49DA1800E65899 /* Project object */ = {
			isa = PBXProject;
			attributes = {
				LastSwiftUpdateCheck = 0710;
				LastUpgradeCheck = 0720;
				ORGANIZATIONNAME = Parse;
				TargetAttributes = {
					81BA81441A49DA1800E65899 = {
						CreatedOnToolsVersion = 6.1.1;
					};
				};
			};
			buildConfigurationList = 81BA81401A49DA1800E65899 /* Build configuration list for PBXProject "ParseStarterProject-Swift" */;
			compatibilityVersion = "Xcode 3.2";
			developmentRegion = English;
			hasScannedForEncodings = 0;
			knownRegions = (
				en,
				Base,
			);
			mainGroup = 81BA813C1A49DA1800E65899;
			productRefGroup = 81BA81461A49DA1800E65899 /* Products */;
			projectDirPath = "";
			projectRoot = "";
			targets = (
				81BA81441A49DA1800E65899 /* ParseStarterProject-Swift */,
			);
		};
/* End PBXProject section */

/* Begin PBXResourcesBuildPhase section */
		81BA81431A49DA1800E65899 /* Resources */ = {
			isa = PBXResourcesBuildPhase;
			buildActionMask = 2147483647;
			files = (
				63007CA01C6232EC000F8922 /* Splashscreen030.png in Resources */,
				63007D321C62B6EF000F8922 /* Loadingscreen_00020.png in Resources */,
				63007C881C6232EC000F8922 /* Splashscreen006.png in Resources */,
				63007C931C6232EC000F8922 /* Splashscreen017.png in Resources */,
				63BC1ADF1C19BD8300A3F8B4 /* likebutton_notliked.png in Resources */,
				63E975021C5A6E5F000B1A28 /* swipe016.png in Resources */,
				63007C971C6232EC000F8922 /* Splashscreen021.png in Resources */,
				63007D301C62B6EF000F8922 /* Loadingscreen_00018.png in Resources */,
				634A496C1C34373E009BDB2A /* catsbutton_storx3.png in Resources */,
				63E975041C5A6E5F000B1A28 /* swipe018.png in Resources */,
				63E975161C5A6E5F000B1A28 /* swipe036.png in Resources */,
				63007C951C6232EC000F8922 /* Splashscreen019.png in Resources */,
				63E975191C5A6E5F000B1A28 /* swipe039.png in Resources */,
				63E975091C5A6E5F000B1A28 /* swipe023.png in Resources */,
				63E975051C5A6E5F000B1A28 /* swipe019.png in Resources */,
				63E974B51C5A551E000B1A28 /* PoweredBy_200px-White_HorizText.png in Resources */,
				63007C981C6232EC000F8922 /* Splashscreen022.png in Resources */,
				63007C891C6232EC000F8922 /* Splashscreen007.png in Resources */,
				63E975181C5A6E5F000B1A28 /* swipe038.png in Resources */,
				634A49541C34320A009BDB2A /* catsbutton1x2.png in Resources */,
				63007D2A1C62B6EF000F8922 /* Loadingscreen_00012.png in Resources */,
				63007D281C62B6EF000F8922 /* Loadingscreen_00010.png in Resources */,
				63007CA51C6232EC000F8922 /* Splashscreen035.png in Resources */,
				63007CA21C6232EC000F8922 /* Splashscreen032.png in Resources */,
				63E975121C5A6E5F000B1A28 /* swipe032.png in Resources */,
				63E974FC1C5A6E5F000B1A28 /* swipe010.png in Resources */,
				63007C9D1C6232EC000F8922 /* Splashscreen027.png in Resources */,
				63007C8C1C6232EC000F8922 /* Splashscreen010.png in Resources */,
				63007C9A1C6232EC000F8922 /* Splashscreen024.png in Resources */,
				634A49681C3435B2009BDB2A /* catsbutton_stor.png in Resources */,
				63E9750B1C5A6E5F000B1A28 /* swipe025.png in Resources */,
				63007D311C62B6EF000F8922 /* Loadingscreen_00019.png in Resources */,
				63007C9C1C6232EC000F8922 /* Splashscreen026.png in Resources */,
				63007D271C62B6EF000F8922 /* Loadingscreen_00009.png in Resources */,
				634A49511C34320A009BDB2A /* affectionatedbutton1x2.png in Resources */,
				63B6F9CA1C22E2DB00EECFFF /* feeliologgavitmedsloganx3.png in Resources */,
				63E9750F1C5A6E5F000B1A28 /* swipe029.png in Resources */,
				63007D261C62B6EF000F8922 /* Loadingscreen_00008.png in Resources */,
				63007C911C6232EC000F8922 /* Splashscreen015.png in Resources */,
				63E975141C5A6E5F000B1A28 /* swipe034.png in Resources */,
				63007C9F1C6232EC000F8922 /* Splashscreen029.png in Resources */,
				6309EE291C1723050060FBDE /* feeliologgamedslogan.png in Resources */,
				634A49531C34320A009BDB2A /* catsbutton1.png in Resources */,
				63007C821C6232EC000F8922 /* Splashscreen000.png in Resources */,
				63E974A11C5A471D000B1A28 /* backbutton_dottedx3.png in Resources */,
				63E974A01C5A471D000B1A28 /* backbutton_dottedx2.png in Resources */,
				63E975011C5A6E5F000B1A28 /* swipe015.png in Resources */,
				63007D341C62B6EF000F8922 /* Loadingscreen_00022.png in Resources */,
				63007D2C1C62B6EF000F8922 /* Loadingscreen_00014.png in Resources */,
				63E975111C5A6E5F000B1A28 /* swipe031.png in Resources */,
				63007C8D1C6232EC000F8922 /* Splashscreen011.png in Resources */,
				63E974AC1C5A5148000B1A28 /* dislikebutton_dottedx2.png in Resources */,
				63E9749F1C5A471D000B1A28 /* backbutton_dotted.png in Resources */,
				63E9750D1C5A6E5F000B1A28 /* swipe027.png in Resources */,
				634A496B1C34373E009BDB2A /* catsbutton_storx2.png in Resources */,
				63E974AE1C5A5148000B1A28 /* likebutton_dotted.png in Resources */,
				63007C871C6232EC000F8922 /* Splashscreen005.png in Resources */,
				63E974B01C5A5148000B1A28 /* likebutton_dottedx3.png in Resources */,
				63E9750C1C5A6E5F000B1A28 /* swipe026.png in Resources */,
				634A49731C344992009BDB2A /* valentinesbuttonx2.png in Resources */,
				634A49581C34320A009BDB2A /* happybutton1x3.png in Resources */,
				634A497A1C344AF7009BDB2A /* valentinesbutton_storx3.png in Resources */,
				63007D1F1C62B6EF000F8922 /* Loadingscreen_00001.png in Resources */,
				63007C851C6232EC000F8922 /* Splashscreen003.png in Resources */,
				634A49501C34320A009BDB2A /* affectionatedbutton1.png in Resources */,
				814C3ACA1B69877600E307BB /* Main.storyboard in Resources */,
				63E975031C5A6E5F000B1A28 /* swipe017.png in Resources */,
				63007D331C62B6EF000F8922 /* Loadingscreen_00021.png in Resources */,
				63E974B11C5A5148000B1A28 /* sharebutton_dotted.png in Resources */,
				63007C8B1C6232EC000F8922 /* Splashscreen009.png in Resources */,
				63B6F9C91C22E2DB00EECFFF /* feeliologgavitmedsloganx2.png in Resources */,
				63E975151C5A6E5F000B1A28 /* swipe035.png in Resources */,
				634A49721C344992009BDB2A /* valentinesbutton.png in Resources */,
				63E974FB1C5A6E5F000B1A28 /* swipe009.png in Resources */,
				63E975131C5A6E5F000B1A28 /* swipe033.png in Resources */,
				63007D2F1C62B6EF000F8922 /* Loadingscreen_00017.png in Resources */,
				63007D251C62B6EF000F8922 /* Loadingscreen_00007.png in Resources */,
				63BD041D1C218F06001C9970 /* Launch Screen.storyboard in Resources */,
				63007C921C6232EC000F8922 /* Splashscreen016.png in Resources */,
				63007D2B1C62B6EF000F8922 /* Loadingscreen_00013.png in Resources */,
				63E975081C5A6E5F000B1A28 /* swipe022.png in Resources */,
				63007C8F1C6232EC000F8922 /* Splashscreen013.png in Resources */,
				63E974FE1C5A6E5F000B1A28 /* swipe012.png in Resources */,
				63007CA61C6232EC000F8922 /* Splashscreen036.png in Resources */,
				63007C991C6232EC000F8922 /* Splashscreen023.png in Resources */,
				63007C861C6232EC000F8922 /* Splashscreen004.png in Resources */,
				63007C8E1C6232EC000F8922 /* Splashscreen012.png in Resources */,
				634A49741C344992009BDB2A /* valentinesbuttonx3.png in Resources */,
				63007C841C6232EC000F8922 /* Splashscreen002.png in Resources */,
				63007D211C62B6EF000F8922 /* Loadingscreen_00003.png in Resources */,
				63007C831C6232EC000F8922 /* Splashscreen001.png in Resources */,
				63007C901C6232EC000F8922 /* Splashscreen014.png in Resources */,
				63B6FA451C29644200EECFFF /* feeliologgavitUTANsloganx3.png in Resources */,
				63BC1ADE1C19BD8300A3F8B4 /* likebutton_liked.png in Resources */,
				63E974B31C5A5148000B1A28 /* sharebutton_dottedx3.png in Resources */,
				63007C961C6232EC000F8922 /* Splashscreen020.png in Resources */,
				63E975071C5A6E5F000B1A28 /* swipe021.png in Resources */,
				63E975001C5A6E5F000B1A28 /* swipe014.png in Resources */,
				634A49571C34320A009BDB2A /* happybutton1x2.png in Resources */,
				63007D2D1C62B6EF000F8922 /* Loadingscreen_00015.png in Resources */,
				63007D231C62B6EF000F8922 /* Loadingscreen_00005.png in Resources */,
				634A49521C34320A009BDB2A /* affectionatedbutton1x3.png in Resources */,
				634A49791C344AF7009BDB2A /* valentinesbutton_storx2.png in Resources */,
				634A495C1C34320A009BDB2A /* pumpedbutton1.png in Resources */,
				63E9750E1C5A6E5F000B1A28 /* swipe028.png in Resources */,
				634A495E1C34320A009BDB2A /* pumpedbutton1x3.png in Resources */,
				63007CA41C6232EC000F8922 /* Splashscreen034.png in Resources */,
				63007CA11C6232EC000F8922 /* Splashscreen031.png in Resources */,
				63007C9E1C6232EC000F8922 /* Splashscreen028.png in Resources */,
				63007D351C62B6EF000F8922 /* Loadingscreen_00023.png in Resources */,
				634A495D1C34320A009BDB2A /* pumpedbutton1x2.png in Resources */,
				63E974FF1C5A6E5F000B1A28 /* swipe013.png in Resources */,
				63E975171C5A6E5F000B1A28 /* swipe037.png in Resources */,
				63007CA31C6232EC000F8922 /* Splashscreen033.png in Resources */,
				634A49761C344A2D009BDB2A /* valentinesbutton_stor.png in Resources */,
				63BC1ADD1C19BD8300A3F8B4 /* backbutton.png in Resources */,
				63E975061C5A6E5F000B1A28 /* swipe020.png in Resources */,
				63007D2E1C62B6EF000F8922 /* Loadingscreen_00016.png in Resources */,
				63007C8A1C6232EC000F8922 /* Splashscreen008.png in Resources */,
				63007D241C62B6EF000F8922 /* Loadingscreen_00006.png in Resources */,
				63E9751A1C5A6E5F000B1A28 /* swipe040.png in Resources */,
				63B6FA441C29644200EECFFF /* feeliologgavitUTANsloganx2.png in Resources */,
				634A49561C34320A009BDB2A /* happybutton1.png in Resources */,
				63E974B21C5A5148000B1A28 /* sharebutton_dottedx2.png in Resources */,
				634A49551C34320A009BDB2A /* catsbutton1x3.png in Resources */,
				63007C9B1C6232EC000F8922 /* Splashscreen025.png in Resources */,
				63007D201C62B6EF000F8922 /* Loadingscreen_00002.png in Resources */,
				63BC1AE01C19BD8300A3F8B4 /* sharebutton.png in Resources */,
				63007D291C62B6EF000F8922 /* Loadingscreen_00011.png in Resources */,
				63E974FD1C5A6E5F000B1A28 /* swipe011.png in Resources */,
				63007D221C62B6EF000F8922 /* Loadingscreen_00004.png in Resources */,
				63B6FA431C29644200EECFFF /* feeliologgavitUTANslogan.png in Resources */,
				63E975101C5A6E5F000B1A28 /* swipe030.png in Resources */,
				634A495B1C34320A009BDB2A /* pressurizedbutton1x3.png in Resources */,
				63B6F9C81C22E2DB00EECFFF /* feeliologgavitmedslogan.png in Resources */,
				634A49591C34320A009BDB2A /* pressurizedbutton1.png in Resources */,
				63E974AD1C5A5148000B1A28 /* dislikebutton_dottedx3.png in Resources */,
				63E974AB1C5A5148000B1A28 /* dislikebutton_dotted.png in Resources */,
				63007C941C6232EC000F8922 /* Splashscreen018.png in Resources */,
				63E9750A1C5A6E5F000B1A28 /* swipe024.png in Resources */,
				814C3ACB1B69877600E307BB /* Images.xcassets in Resources */,
				634A495A1C34320A009BDB2A /* pressurizedbutton1x2.png in Resources */,
				63E974AF1C5A5148000B1A28 /* likebutton_dottedx2.png in Resources */,
			);
			runOnlyForDeploymentPostprocessing = 0;
		};
/* End PBXResourcesBuildPhase section */

/* Begin PBXShellScriptBuildPhase section */
		81CC85E11A49F6D40076DE19 /* Upload Symbol Files */ = {
			isa = PBXShellScriptBuildPhase;
			buildActionMask = 2147483647;
			files = (
			);
			inputPaths = (
			);
			name = "Upload Symbol Files";
			outputPaths = (
			);
			runOnlyForDeploymentPostprocessing = 0;
			shellPath = /bin/sh;
			shellScript = "# This script will upload symbol files for your application,\n# so all your crash reports are going to be symbolicated\n\n# Important!\n# Before using the script, please initialize CloudCode folder and replace <path_to_cloudcode_folder> with the path to it\n#\n# Read more on Parse.com - https://parse.com/apps/quickstart#analytics/crashreporting/ios/\n############################################################\n\n\n# export PATH=/usr/local/bin:$PATH\n# cd <path_to_cloudcode_folder>\n\n# parse symbols -p \"${DWARF_DSYM_FOLDER_PATH}/${DWARF_DSYM_FILE_NAME}\"\n";
		};
/* End PBXShellScriptBuildPhase section */

/* Begin PBXSourcesBuildPhase section */
		81BA81411A49DA1800E65899 /* Sources */ = {
			isa = PBXSourcesBuildPhase;
			buildActionMask = 2147483647;
			files = (
				744099481C1716A700217E3D /* SwiftyJSON.swift in Sources */,
				744099491C1716A700217E3D /* UIImage+animatedGIF.m in Sources */,
				81BA814D1A49DA1800E65899 /* ViewController.swift in Sources */,
				6309EE2B1C1723D20060FBDE /* FirstViewController.swift in Sources */,
				81BA814B1A49DA1800E65899 /* AppDelegate.swift in Sources */,
				63007C5B1C62324B000F8922 /* SplashScreen.swift in Sources */,
				7440994C1C17170500217E3D /* Giphy.swift in Sources */,
			);
			runOnlyForDeploymentPostprocessing = 0;
		};
/* End PBXSourcesBuildPhase section */

/* Begin PBXVariantGroup section */
		814C3AC61B69877600E307BB /* Main.storyboard */ = {
			isa = PBXVariantGroup;
			children = (
				814C3AC71B69877600E307BB /* Base */,
			);
			name = Main.storyboard;
			path = ../Resources;
			sourceTree = "<group>";
		};
/* End PBXVariantGroup section */

/* Begin XCBuildConfiguration section */
		81BA81621A49DA1800E65899 /* Debug */ = {
			isa = XCBuildConfiguration;
			buildSettings = {
				ALWAYS_SEARCH_USER_PATHS = NO;
				CLANG_CXX_LANGUAGE_STANDARD = "gnu++0x";
				CLANG_CXX_LIBRARY = "libc++";
				CLANG_ENABLE_MODULES = YES;
				CLANG_ENABLE_OBJC_ARC = YES;
				CLANG_WARN_BOOL_CONVERSION = YES;
				CLANG_WARN_CONSTANT_CONVERSION = YES;
				CLANG_WARN_DIRECT_OBJC_ISA_USAGE = YES_ERROR;
				CLANG_WARN_EMPTY_BODY = YES;
				CLANG_WARN_ENUM_CONVERSION = YES;
				CLANG_WARN_INT_CONVERSION = YES;
				CLANG_WARN_OBJC_ROOT_CLASS = YES_ERROR;
				CLANG_WARN_UNREACHABLE_CODE = YES;
				CLANG_WARN__DUPLICATE_METHOD_MATCH = YES;
				"CODE_SIGN_IDENTITY[sdk=iphoneos*]" = "iPhone Developer";
				COPY_PHASE_STRIP = NO;
				ENABLE_STRICT_OBJC_MSGSEND = YES;
				ENABLE_TESTABILITY = YES;
				GCC_C_LANGUAGE_STANDARD = gnu99;
				GCC_DYNAMIC_NO_PIC = NO;
				GCC_OPTIMIZATION_LEVEL = 0;
				GCC_PREPROCESSOR_DEFINITIONS = (
					"DEBUG=1",
					"$(inherited)",
				);
				GCC_SYMBOLS_PRIVATE_EXTERN = NO;
				GCC_WARN_64_TO_32_BIT_CONVERSION = YES;
				GCC_WARN_ABOUT_RETURN_TYPE = YES_ERROR;
				GCC_WARN_UNDECLARED_SELECTOR = YES;
				GCC_WARN_UNINITIALIZED_AUTOS = YES_AGGRESSIVE;
				GCC_WARN_UNUSED_FUNCTION = YES;
				GCC_WARN_UNUSED_VARIABLE = YES;
				IPHONEOS_DEPLOYMENT_TARGET = 7.0;
				MTL_ENABLE_DEBUG_INFO = YES;
				ONLY_ACTIVE_ARCH = YES;
				SDKROOT = iphoneos;
				SWIFT_OPTIMIZATION_LEVEL = "-Onone";
				TARGETED_DEVICE_FAMILY = "1,2";
			};
			name = Debug;
		};
		81BA81631A49DA1800E65899 /* Release */ = {
			isa = XCBuildConfiguration;
			buildSettings = {
				ALWAYS_SEARCH_USER_PATHS = NO;
				CLANG_CXX_LANGUAGE_STANDARD = "gnu++0x";
				CLANG_CXX_LIBRARY = "libc++";
				CLANG_ENABLE_MODULES = YES;
				CLANG_ENABLE_OBJC_ARC = YES;
				CLANG_WARN_BOOL_CONVERSION = YES;
				CLANG_WARN_CONSTANT_CONVERSION = YES;
				CLANG_WARN_DIRECT_OBJC_ISA_USAGE = YES_ERROR;
				CLANG_WARN_EMPTY_BODY = YES;
				CLANG_WARN_ENUM_CONVERSION = YES;
				CLANG_WARN_INT_CONVERSION = YES;
				CLANG_WARN_OBJC_ROOT_CLASS = YES_ERROR;
				CLANG_WARN_UNREACHABLE_CODE = YES;
				CLANG_WARN__DUPLICATE_METHOD_MATCH = YES;
				"CODE_SIGN_IDENTITY[sdk=iphoneos*]" = "iPhone Developer";
				COPY_PHASE_STRIP = YES;
				ENABLE_NS_ASSERTIONS = NO;
				ENABLE_STRICT_OBJC_MSGSEND = YES;
				GCC_C_LANGUAGE_STANDARD = gnu99;
				GCC_WARN_64_TO_32_BIT_CONVERSION = YES;
				GCC_WARN_ABOUT_RETURN_TYPE = YES_ERROR;
				GCC_WARN_UNDECLARED_SELECTOR = YES;
				GCC_WARN_UNINITIALIZED_AUTOS = YES_AGGRESSIVE;
				GCC_WARN_UNUSED_FUNCTION = YES;
				GCC_WARN_UNUSED_VARIABLE = YES;
				IPHONEOS_DEPLOYMENT_TARGET = 7.0;
				MTL_ENABLE_DEBUG_INFO = NO;
				SDKROOT = iphoneos;
				TARGETED_DEVICE_FAMILY = "1,2";
				VALIDATE_PRODUCT = YES;
			};
			name = Release;
		};
		81BA81651A49DA1800E65899 /* Debug */ = {
			isa = XCBuildConfiguration;
			buildSettings = {
				ASSETCATALOG_COMPILER_APPICON_NAME = AppIcon;
				ASSETCATALOG_COMPILER_LAUNCHIMAGE_NAME = LaunchImage;
				CLANG_ENABLE_MODULES = YES;
				CODE_SIGN_IDENTITY = "iPhone Developer";
				FRAMEWORK_SEARCH_PATHS = (
					"$(inherited)",
					"$(PROJECT_DIR)",
				);
				INFOPLIST_FILE = Resources/Info.plist;
				LD_RUNPATH_SEARCH_PATHS = "$(inherited) @executable_path/Frameworks";
				PRODUCT_BUNDLE_IDENTIFIER = "com.parse.$(PRODUCT_NAME:rfc1034identifier)";
				PRODUCT_NAME = "ParseStarterProject-Swift";
				SWIFT_OBJC_BRIDGING_HEADER = "ParseStarterProject/ParseStarterProject-Swift-Bridging-Header.h";
				SWIFT_OPTIMIZATION_LEVEL = "-Onone";
			};
			name = Debug;
		};
		81BA81661A49DA1800E65899 /* Release */ = {
			isa = XCBuildConfiguration;
			buildSettings = {
				ASSETCATALOG_COMPILER_APPICON_NAME = AppIcon;
				ASSETCATALOG_COMPILER_LAUNCHIMAGE_NAME = LaunchImage;
				CLANG_ENABLE_MODULES = YES;
				CODE_SIGN_IDENTITY = "iPhone Developer";
				FRAMEWORK_SEARCH_PATHS = (
					"$(inherited)",
					"$(PROJECT_DIR)",
				);
				INFOPLIST_FILE = Resources/Info.plist;
				LD_RUNPATH_SEARCH_PATHS = "$(inherited) @executable_path/Frameworks";
				PRODUCT_BUNDLE_IDENTIFIER = "com.parse.$(PRODUCT_NAME:rfc1034identifier)";
				PRODUCT_NAME = "ParseStarterProject-Swift";
				SWIFT_OBJC_BRIDGING_HEADER = "ParseStarterProject/ParseStarterProject-Swift-Bridging-Header.h";
			};
			name = Release;
		};
/* End XCBuildConfiguration section */

/* Begin XCConfigurationList section */
		81BA81401A49DA1800E65899 /* Build configuration list for PBXProject "ParseStarterProject-Swift" */ = {
			isa = XCConfigurationList;
			buildConfigurations = (
				81BA81621A49DA1800E65899 /* Debug */,
				81BA81631A49DA1800E65899 /* Release */,
			);
			defaultConfigurationIsVisible = 0;
			defaultConfigurationName = Release;
		};
		81BA81641A49DA1800E65899 /* Build configuration list for PBXNativeTarget "ParseStarterProject-Swift" */ = {
			isa = XCConfigurationList;
			buildConfigurations = (
				81BA81651A49DA1800E65899 /* Debug */,
				81BA81661A49DA1800E65899 /* Release */,
			);
			defaultConfigurationIsVisible = 0;
			defaultConfigurationName = Release;
		};
/* End XCConfigurationList section */
	};
	rootObject = 81BA813D1A49DA1800E65899 /* Project object */;
}
